// !$*UTF8*$!
{
	archiveVersion = 1;
	classes = {
	};
	objectVersion = 46;
	objects = {

/* Begin PBXBuildFile section */
		B385EF7D171C94CF000B3888 /* all.c in Sources */ = {isa = PBXBuildFile; fileRef = B385EF40171C94CE000B3888 /* all.c */; };
		B385EF7E171C94CF000B3888 /* lua.hpp in Headers */ = {isa = PBXBuildFile; fileRef = B385EF41171C94CE000B3888 /* lua.hpp */; };
		B385EF7F171C94CF000B3888 /* min.c in Sources */ = {isa = PBXBuildFile; fileRef = B385EF42171C94CE000B3888 /* min.c */; };
		B385EF80171C94CF000B3888 /* noparser.c in Sources */ = {isa = PBXBuildFile; fileRef = B385EF43171C94CE000B3888 /* noparser.c */; };
		B385EF81171C94CF000B3888 /* lapi.c in Sources */ = {isa = PBXBuildFile; fileRef = B385EF46171C94CE000B3888 /* lapi.c */; };
		B385EF82171C94CF000B3888 /* lapi.h in Headers */ = {isa = PBXBuildFile; fileRef = B385EF47171C94CE000B3888 /* lapi.h */; };
		B385EF83171C94CF000B3888 /* lauxlib.c in Sources */ = {isa = PBXBuildFile; fileRef = B385EF48171C94CE000B3888 /* lauxlib.c */; };
		B385EF84171C94CF000B3888 /* lauxlib.h in Headers */ = {isa = PBXBuildFile; fileRef = B385EF49171C94CE000B3888 /* lauxlib.h */; };
		B385EF85171C94CF000B3888 /* lbaselib.c in Sources */ = {isa = PBXBuildFile; fileRef = B385EF4A171C94CE000B3888 /* lbaselib.c */; };
		B385EF86171C94CF000B3888 /* lcode.c in Sources */ = {isa = PBXBuildFile; fileRef = B385EF4B171C94CE000B3888 /* lcode.c */; };
		B385EF87171C94CF000B3888 /* lcode.h in Headers */ = {isa = PBXBuildFile; fileRef = B385EF4C171C94CE000B3888 /* lcode.h */; };
		B385EF88171C94CF000B3888 /* ldblib.c in Sources */ = {isa = PBXBuildFile; fileRef = B385EF4D171C94CE000B3888 /* ldblib.c */; };
		B385EF89171C94CF000B3888 /* ldebug.c in Sources */ = {isa = PBXBuildFile; fileRef = B385EF4E171C94CE000B3888 /* ldebug.c */; };
		B385EF8A171C94CF000B3888 /* ldebug.h in Headers */ = {isa = PBXBuildFile; fileRef = B385EF4F171C94CE000B3888 /* ldebug.h */; };
		B385EF8B171C94CF000B3888 /* ldo.c in Sources */ = {isa = PBXBuildFile; fileRef = B385EF50171C94CE000B3888 /* ldo.c */; };
		B385EF8C171C94CF000B3888 /* ldo.h in Headers */ = {isa = PBXBuildFile; fileRef = B385EF51171C94CE000B3888 /* ldo.h */; };
		B385EF8D171C94CF000B3888 /* ldump.c in Sources */ = {isa = PBXBuildFile; fileRef = B385EF52171C94CE000B3888 /* ldump.c */; };
		B385EF8E171C94CF000B3888 /* lfunc.c in Sources */ = {isa = PBXBuildFile; fileRef = B385EF53171C94CE000B3888 /* lfunc.c */; };
		B385EF8F171C94CF000B3888 /* lfunc.h in Headers */ = {isa = PBXBuildFile; fileRef = B385EF54171C94CE000B3888 /* lfunc.h */; };
		B385EF90171C94CF000B3888 /* lgc.c in Sources */ = {isa = PBXBuildFile; fileRef = B385EF55171C94CE000B3888 /* lgc.c */; };
		B385EF91171C94CF000B3888 /* lgc.h in Headers */ = {isa = PBXBuildFile; fileRef = B385EF56171C94CE000B3888 /* lgc.h */; };
		B385EF92171C94CF000B3888 /* linit.c in Sources */ = {isa = PBXBuildFile; fileRef = B385EF57171C94CF000B3888 /* linit.c */; };
		B385EF93171C94CF000B3888 /* liolib.c in Sources */ = {isa = PBXBuildFile; fileRef = B385EF58171C94CF000B3888 /* liolib.c */; };
		B385EF94171C94CF000B3888 /* llex.c in Sources */ = {isa = PBXBuildFile; fileRef = B385EF59171C94CF000B3888 /* llex.c */; };
		B385EF95171C94CF000B3888 /* llex.h in Headers */ = {isa = PBXBuildFile; fileRef = B385EF5A171C94CF000B3888 /* llex.h */; };
		B385EF96171C94CF000B3888 /* llimits.h in Headers */ = {isa = PBXBuildFile; fileRef = B385EF5B171C94CF000B3888 /* llimits.h */; };
		B385EF97171C94CF000B3888 /* lmathlib.c in Sources */ = {isa = PBXBuildFile; fileRef = B385EF5C171C94CF000B3888 /* lmathlib.c */; };
		B385EF98171C94CF000B3888 /* lmem.c in Sources */ = {isa = PBXBuildFile; fileRef = B385EF5D171C94CF000B3888 /* lmem.c */; };
		B385EF99171C94CF000B3888 /* lmem.h in Headers */ = {isa = PBXBuildFile; fileRef = B385EF5E171C94CF000B3888 /* lmem.h */; };
		B385EF9A171C94CF000B3888 /* loadlib.c in Sources */ = {isa = PBXBuildFile; fileRef = B385EF5F171C94CF000B3888 /* loadlib.c */; };
		B385EF9B171C94CF000B3888 /* lobject.c in Sources */ = {isa = PBXBuildFile; fileRef = B385EF60171C94CF000B3888 /* lobject.c */; };
		B385EF9C171C94CF000B3888 /* lobject.h in Headers */ = {isa = PBXBuildFile; fileRef = B385EF61171C94CF000B3888 /* lobject.h */; };
		B385EF9D171C94CF000B3888 /* lopcodes.c in Sources */ = {isa = PBXBuildFile; fileRef = B385EF62171C94CF000B3888 /* lopcodes.c */; };
		B385EF9E171C94CF000B3888 /* lopcodes.h in Headers */ = {isa = PBXBuildFile; fileRef = B385EF63171C94CF000B3888 /* lopcodes.h */; };
		B385EF9F171C94CF000B3888 /* loslib.c in Sources */ = {isa = PBXBuildFile; fileRef = B385EF64171C94CF000B3888 /* loslib.c */; };
		B385EFA0171C94CF000B3888 /* lparser.c in Sources */ = {isa = PBXBuildFile; fileRef = B385EF65171C94CF000B3888 /* lparser.c */; };
		B385EFA1171C94CF000B3888 /* lparser.h in Headers */ = {isa = PBXBuildFile; fileRef = B385EF66171C94CF000B3888 /* lparser.h */; };
		B385EFA2171C94CF000B3888 /* lstate.c in Sources */ = {isa = PBXBuildFile; fileRef = B385EF67171C94CF000B3888 /* lstate.c */; };
		B385EFA3171C94CF000B3888 /* lstate.h in Headers */ = {isa = PBXBuildFile; fileRef = B385EF68171C94CF000B3888 /* lstate.h */; };
		B385EFA4171C94CF000B3888 /* lstring.c in Sources */ = {isa = PBXBuildFile; fileRef = B385EF69171C94CF000B3888 /* lstring.c */; };
		B385EFA5171C94CF000B3888 /* lstring.h in Headers */ = {isa = PBXBuildFile; fileRef = B385EF6A171C94CF000B3888 /* lstring.h */; };
		B385EFA6171C94CF000B3888 /* lstrlib.c in Sources */ = {isa = PBXBuildFile; fileRef = B385EF6B171C94CF000B3888 /* lstrlib.c */; };
		B385EFA7171C94CF000B3888 /* ltable.c in Sources */ = {isa = PBXBuildFile; fileRef = B385EF6C171C94CF000B3888 /* ltable.c */; };
		B385EFA8171C94CF000B3888 /* ltable.h in Headers */ = {isa = PBXBuildFile; fileRef = B385EF6D171C94CF000B3888 /* ltable.h */; };
		B385EFA9171C94CF000B3888 /* ltablib.c in Sources */ = {isa = PBXBuildFile; fileRef = B385EF6E171C94CF000B3888 /* ltablib.c */; };
		B385EFAA171C94CF000B3888 /* ltm.c in Sources */ = {isa = PBXBuildFile; fileRef = B385EF6F171C94CF000B3888 /* ltm.c */; };
		B385EFAB171C94CF000B3888 /* ltm.h in Headers */ = {isa = PBXBuildFile; fileRef = B385EF70171C94CF000B3888 /* ltm.h */; };
		B385EFAC171C94CF000B3888 /* lua.c in Sources */ = {isa = PBXBuildFile; fileRef = B385EF71171C94CF000B3888 /* lua.c */; };
		B385EFAD171C94CF000B3888 /* lua.h in Headers */ = {isa = PBXBuildFile; fileRef = B385EF72171C94CF000B3888 /* lua.h */; };
		B385EFAE171C94CF000B3888 /* luac.c in Sources */ = {isa = PBXBuildFile; fileRef = B385EF73171C94CF000B3888 /* luac.c */; };
		B385EFAF171C94CF000B3888 /* luaconf.h in Headers */ = {isa = PBXBuildFile; fileRef = B385EF74171C94CF000B3888 /* luaconf.h */; };
		B385EFB0171C94CF000B3888 /* lualib.h in Headers */ = {isa = PBXBuildFile; fileRef = B385EF75171C94CF000B3888 /* lualib.h */; };
		B385EFB1171C94CF000B3888 /* lundump.c in Sources */ = {isa = PBXBuildFile; fileRef = B385EF76171C94CF000B3888 /* lundump.c */; };
		B385EFB2171C94CF000B3888 /* lundump.h in Headers */ = {isa = PBXBuildFile; fileRef = B385EF77171C94CF000B3888 /* lundump.h */; };
		B385EFB3171C94CF000B3888 /* lvm.c in Sources */ = {isa = PBXBuildFile; fileRef = B385EF78171C94CF000B3888 /* lvm.c */; };
		B385EFB4171C94CF000B3888 /* lvm.h in Headers */ = {isa = PBXBuildFile; fileRef = B385EF79171C94CF000B3888 /* lvm.h */; };
		B385EFB5171C94CF000B3888 /* lzio.c in Sources */ = {isa = PBXBuildFile; fileRef = B385EF7A171C94CF000B3888 /* lzio.c */; };
		B385EFB6171C94CF000B3888 /* lzio.h in Headers */ = {isa = PBXBuildFile; fileRef = B385EF7B171C94CF000B3888 /* lzio.h */; };
		B385EFB7171C94CF000B3888 /* print.c in Sources */ = {isa = PBXBuildFile; fileRef = B385EF7C171C94CF000B3888 /* print.c */; };
/* End PBXBuildFile section */

/* Begin PBXFileReference section */
		302C279C142B0F8F0048A778 /* liblua.a */ = {isa = PBXFileReference; explicitFileType = archive.ar; includeInIndex = 0; path = liblua.a; sourceTree = BUILT_PRODUCTS_DIR; };
		B385EF40171C94CE000B3888 /* all.c */ = {isa = PBXFileReference; fileEncoding = 4; lastKnownFileType = sourcecode.c.c; path = all.c; sourceTree = "<group>"; };
		B385EF41171C94CE000B3888 /* lua.hpp */ = {isa = PBXFileReference; fileEncoding = 4; lastKnownFileType = sourcecode.cpp.h; path = lua.hpp; sourceTree = "<group>"; };
		B385EF42171C94CE000B3888 /* min.c */ = {isa = PBXFileReference; fileEncoding = 4; lastKnownFileType = sourcecode.c.c; path = min.c; sourceTree = "<group>"; };
		B385EF43171C94CE000B3888 /* noparser.c */ = {isa = PBXFileReference; fileEncoding = 4; lastKnownFileType = sourcecode.c.c; path = noparser.c; sourceTree = "<group>"; };
		B385EF44171C94CE000B3888 /* strict.lua */ = {isa = PBXFileReference; fileEncoding = 4; lastKnownFileType = text; path = strict.lua; sourceTree = "<group>"; };
		B385EF46171C94CE000B3888 /* lapi.c */ = {isa = PBXFileReference; fileEncoding = 4; lastKnownFileType = sourcecode.c.c; path = lapi.c; sourceTree = "<group>"; };
		B385EF47171C94CE000B3888 /* lapi.h */ = {isa = PBXFileReference; fileEncoding = 4; lastKnownFileType = sourcecode.c.h; path = lapi.h; sourceTree = "<group>"; };
		B385EF48171C94CE000B3888 /* lauxlib.c */ = {isa = PBXFileReference; fileEncoding = 4; lastKnownFileType = sourcecode.c.c; path = lauxlib.c; sourceTree = "<group>"; };
		B385EF49171C94CE000B3888 /* lauxlib.h */ = {isa = PBXFileReference; fileEncoding = 4; lastKnownFileType = sourcecode.c.h; path = lauxlib.h; sourceTree = "<group>"; };
		B385EF4A171C94CE000B3888 /* lbaselib.c */ = {isa = PBXFileReference; fileEncoding = 4; lastKnownFileType = sourcecode.c.c; path = lbaselib.c; sourceTree = "<group>"; };
		B385EF4B171C94CE000B3888 /* lcode.c */ = {isa = PBXFileReference; fileEncoding = 4; lastKnownFileType = sourcecode.c.c; path = lcode.c; sourceTree = "<group>"; };
		B385EF4C171C94CE000B3888 /* lcode.h */ = {isa = PBXFileReference; fileEncoding = 4; lastKnownFileType = sourcecode.c.h; path = lcode.h; sourceTree = "<group>"; };
		B385EF4D171C94CE000B3888 /* ldblib.c */ = {isa = PBXFileReference; fileEncoding = 4; lastKnownFileType = sourcecode.c.c; path = ldblib.c; sourceTree = "<group>"; };
		B385EF4E171C94CE000B3888 /* ldebug.c */ = {isa = PBXFileReference; fileEncoding = 4; lastKnownFileType = sourcecode.c.c; path = ldebug.c; sourceTree = "<group>"; };
		B385EF4F171C94CE000B3888 /* ldebug.h */ = {isa = PBXFileReference; fileEncoding = 4; lastKnownFileType = sourcecode.c.h; path = ldebug.h; sourceTree = "<group>"; };
		B385EF50171C94CE000B3888 /* ldo.c */ = {isa = PBXFileReference; fileEncoding = 4; lastKnownFileType = sourcecode.c.c; path = ldo.c; sourceTree = "<group>"; };
		B385EF51171C94CE000B3888 /* ldo.h */ = {isa = PBXFileReference; fileEncoding = 4; lastKnownFileType = sourcecode.c.h; path = ldo.h; sourceTree = "<group>"; };
		B385EF52171C94CE000B3888 /* ldump.c */ = {isa = PBXFileReference; fileEncoding = 4; lastKnownFileType = sourcecode.c.c; path = ldump.c; sourceTree = "<group>"; };
		B385EF53171C94CE000B3888 /* lfunc.c */ = {isa = PBXFileReference; fileEncoding = 4; lastKnownFileType = sourcecode.c.c; path = lfunc.c; sourceTree = "<group>"; };
		B385EF54171C94CE000B3888 /* lfunc.h */ = {isa = PBXFileReference; fileEncoding = 4; lastKnownFileType = sourcecode.c.h; path = lfunc.h; sourceTree = "<group>"; };
		B385EF55171C94CE000B3888 /* lgc.c */ = {isa = PBXFileReference; fileEncoding = 4; lastKnownFileType = sourcecode.c.c; path = lgc.c; sourceTree = "<group>"; };
		B385EF56171C94CE000B3888 /* lgc.h */ = {isa = PBXFileReference; fileEncoding = 4; lastKnownFileType = sourcecode.c.h; path = lgc.h; sourceTree = "<group>"; };
		B385EF57171C94CF000B3888 /* linit.c */ = {isa = PBXFileReference; fileEncoding = 4; lastKnownFileType = sourcecode.c.c; path = linit.c; sourceTree = "<group>"; };
		B385EF58171C94CF000B3888 /* liolib.c */ = {isa = PBXFileReference; fileEncoding = 4; lastKnownFileType = sourcecode.c.c; path = liolib.c; sourceTree = "<group>"; };
		B385EF59171C94CF000B3888 /* llex.c */ = {isa = PBXFileReference; fileEncoding = 4; lastKnownFileType = sourcecode.c.c; path = llex.c; sourceTree = "<group>"; };
		B385EF5A171C94CF000B3888 /* llex.h */ = {isa = PBXFileReference; fileEncoding = 4; lastKnownFileType = sourcecode.c.h; path = llex.h; sourceTree = "<group>"; };
		B385EF5B171C94CF000B3888 /* llimits.h */ = {isa = PBXFileReference; fileEncoding = 4; lastKnownFileType = sourcecode.c.h; path = llimits.h; sourceTree = "<group>"; };
		B385EF5C171C94CF000B3888 /* lmathlib.c */ = {isa = PBXFileReference; fileEncoding = 4; lastKnownFileType = sourcecode.c.c; path = lmathlib.c; sourceTree = "<group>"; };
		B385EF5D171C94CF000B3888 /* lmem.c */ = {isa = PBXFileReference; fileEncoding = 4; lastKnownFileType = sourcecode.c.c; path = lmem.c; sourceTree = "<group>"; };
		B385EF5E171C94CF000B3888 /* lmem.h */ = {isa = PBXFileReference; fileEncoding = 4; lastKnownFileType = sourcecode.c.h; path = lmem.h; sourceTree = "<group>"; };
		B385EF5F171C94CF000B3888 /* loadlib.c */ = {isa = PBXFileReference; fileEncoding = 4; lastKnownFileType = sourcecode.c.c; path = loadlib.c; sourceTree = "<group>"; };
		B385EF60171C94CF000B3888 /* lobject.c */ = {isa = PBXFileReference; fileEncoding = 4; lastKnownFileType = sourcecode.c.c; path = lobject.c; sourceTree = "<group>"; };
		B385EF61171C94CF000B3888 /* lobject.h */ = {isa = PBXFileReference; fileEncoding = 4; lastKnownFileType = sourcecode.c.h; path = lobject.h; sourceTree = "<group>"; };
		B385EF62171C94CF000B3888 /* lopcodes.c */ = {isa = PBXFileReference; fileEncoding = 4; lastKnownFileType = sourcecode.c.c; path = lopcodes.c; sourceTree = "<group>"; };
		B385EF63171C94CF000B3888 /* lopcodes.h */ = {isa = PBXFileReference; fileEncoding = 4; lastKnownFileType = sourcecode.c.h; path = lopcodes.h; sourceTree = "<group>"; };
		B385EF64171C94CF000B3888 /* loslib.c */ = {isa = PBXFileReference; fileEncoding = 4; lastKnownFileType = sourcecode.c.c; path = loslib.c; sourceTree = "<group>"; };
		B385EF65171C94CF000B3888 /* lparser.c */ = {isa = PBXFileReference; fileEncoding = 4; lastKnownFileType = sourcecode.c.c; path = lparser.c; sourceTree = "<group>"; };
		B385EF66171C94CF000B3888 /* lparser.h */ = {isa = PBXFileReference; fileEncoding = 4; lastKnownFileType = sourcecode.c.h; path = lparser.h; sourceTree = "<group>"; };
		B385EF67171C94CF000B3888 /* lstate.c */ = {isa = PBXFileReference; fileEncoding = 4; lastKnownFileType = sourcecode.c.c; path = lstate.c; sourceTree = "<group>"; };
		B385EF68171C94CF000B3888 /* lstate.h */ = {isa = PBXFileReference; fileEncoding = 4; lastKnownFileType = sourcecode.c.h; path = lstate.h; sourceTree = "<group>"; };
		B385EF69171C94CF000B3888 /* lstring.c */ = {isa = PBXFileReference; fileEncoding = 4; lastKnownFileType = sourcecode.c.c; path = lstring.c; sourceTree = "<group>"; };
		B385EF6A171C94CF000B3888 /* lstring.h */ = {isa = PBXFileReference; fileEncoding = 4; lastKnownFileType = sourcecode.c.h; path = lstring.h; sourceTree = "<group>"; };
		B385EF6B171C94CF000B3888 /* lstrlib.c */ = {isa = PBXFileReference; fileEncoding = 4; lastKnownFileType = sourcecode.c.c; path = lstrlib.c; sourceTree = "<group>"; };
		B385EF6C171C94CF000B3888 /* ltable.c */ = {isa = PBXFileReference; fileEncoding = 4; lastKnownFileType = sourcecode.c.c; path = ltable.c; sourceTree = "<group>"; };
		B385EF6D171C94CF000B3888 /* ltable.h */ = {isa = PBXFileReference; fileEncoding = 4; lastKnownFileType = sourcecode.c.h; path = ltable.h; sourceTree = "<group>"; };
		B385EF6E171C94CF000B3888 /* ltablib.c */ = {isa = PBXFileReference; fileEncoding = 4; lastKnownFileType = sourcecode.c.c; path = ltablib.c; sourceTree = "<group>"; };
		B385EF6F171C94CF000B3888 /* ltm.c */ = {isa = PBXFileReference; fileEncoding = 4; lastKnownFileType = sourcecode.c.c; path = ltm.c; sourceTree = "<group>"; };
		B385EF70171C94CF000B3888 /* ltm.h */ = {isa = PBXFileReference; fileEncoding = 4; lastKnownFileType = sourcecode.c.h; path = ltm.h; sourceTree = "<group>"; };
		B385EF71171C94CF000B3888 /* lua.c */ = {isa = PBXFileReference; fileEncoding = 4; lastKnownFileType = sourcecode.c.c; path = lua.c; sourceTree = "<group>"; };
		B385EF72171C94CF000B3888 /* lua.h */ = {isa = PBXFileReference; fileEncoding = 4; lastKnownFileType = sourcecode.c.h; path = lua.h; sourceTree = "<group>"; };
		B385EF73171C94CF000B3888 /* luac.c */ = {isa = PBXFileReference; fileEncoding = 4; lastKnownFileType = sourcecode.c.c; path = luac.c; sourceTree = "<group>"; };
		B385EF74171C94CF000B3888 /* luaconf.h */ = {isa = PBXFileReference; fileEncoding = 4; lastKnownFileType = sourcecode.c.h; path = luaconf.h; sourceTree = "<group>"; };
		B385EF75171C94CF000B3888 /* lualib.h */ = {isa = PBXFileReference; fileEncoding = 4; lastKnownFileType = sourcecode.c.h; path = lualib.h; sourceTree = "<group>"; };
		B385EF76171C94CF000B3888 /* lundump.c */ = {isa = PBXFileReference; fileEncoding = 4; lastKnownFileType = sourcecode.c.c; path = lundump.c; sourceTree = "<group>"; };
		B385EF77171C94CF000B3888 /* lundump.h */ = {isa = PBXFileReference; fileEncoding = 4; lastKnownFileType = sourcecode.c.h; path = lundump.h; sourceTree = "<group>"; };
		B385EF78171C94CF000B3888 /* lvm.c */ = {isa = PBXFileReference; fileEncoding = 4; lastKnownFileType = sourcecode.c.c; path = lvm.c; sourceTree = "<group>"; };
		B385EF79171C94CF000B3888 /* lvm.h */ = {isa = PBXFileReference; fileEncoding = 4; lastKnownFileType = sourcecode.c.h; path = lvm.h; sourceTree = "<group>"; };
		B385EF7A171C94CF000B3888 /* lzio.c */ = {isa = PBXFileReference; fileEncoding = 4; lastKnownFileType = sourcecode.c.c; path = lzio.c; sourceTree = "<group>"; };
		B385EF7B171C94CF000B3888 /* lzio.h */ = {isa = PBXFileReference; fileEncoding = 4; lastKnownFileType = sourcecode.c.h; path = lzio.h; sourceTree = "<group>"; };
		B385EF7C171C94CF000B3888 /* print.c */ = {isa = PBXFileReference; fileEncoding = 4; lastKnownFileType = sourcecode.c.c; path = print.c; sourceTree = "<group>"; };
/* End PBXFileReference section */

/* Begin PBXFrameworksBuildPhase section */
		302C2799142B0F8F0048A778 /* Frameworks */ = {
			isa = PBXFrameworksBuildPhase;
			buildActionMask = 2147483647;
			files = (
			);
			runOnlyForDeploymentPostprocessing = 0;
		};
/* End PBXFrameworksBuildPhase section */

/* Begin PBXGroup section */
		302C2783142B0F6A0048A778 = {
			isa = PBXGroup;
			children = (
				B385EF3F171C94CE000B3888 /* etc */,
				B385EF45171C94CE000B3888 /* src */,
				302C278F142B0F6A0048A778 /* Products */,
			);
			sourceTree = "<group>";
		};
		302C278F142B0F6A0048A778 /* Products */ = {
			isa = PBXGroup;
			children = (
				302C279C142B0F8F0048A778 /* liblua.a */,
			);
			name = Products;
			sourceTree = "<group>";
		};
		B385EF3F171C94CE000B3888 /* etc */ = {
			isa = PBXGroup;
			children = (
				B385EF40171C94CE000B3888 /* all.c */,
				B385EF41171C94CE000B3888 /* lua.hpp */,
				B385EF42171C94CE000B3888 /* min.c */,
				B385EF43171C94CE000B3888 /* noparser.c */,
				B385EF44171C94CE000B3888 /* strict.lua */,
			);
			path = etc;
			sourceTree = "<group>";
		};
		B385EF45171C94CE000B3888 /* src */ = {
			isa = PBXGroup;
			children = (
				B385EF46171C94CE000B3888 /* lapi.c */,
				B385EF47171C94CE000B3888 /* lapi.h */,
				B385EF48171C94CE000B3888 /* lauxlib.c */,
				B385EF49171C94CE000B3888 /* lauxlib.h */,
				B385EF4A171C94CE000B3888 /* lbaselib.c */,
				B385EF4B171C94CE000B3888 /* lcode.c */,
				B385EF4C171C94CE000B3888 /* lcode.h */,
				B385EF4D171C94CE000B3888 /* ldblib.c */,
				B385EF4E171C94CE000B3888 /* ldebug.c */,
				B385EF4F171C94CE000B3888 /* ldebug.h */,
				B385EF50171C94CE000B3888 /* ldo.c */,
				B385EF51171C94CE000B3888 /* ldo.h */,
				B385EF52171C94CE000B3888 /* ldump.c */,
				B385EF53171C94CE000B3888 /* lfunc.c */,
				B385EF54171C94CE000B3888 /* lfunc.h */,
				B385EF55171C94CE000B3888 /* lgc.c */,
				B385EF56171C94CE000B3888 /* lgc.h */,
				B385EF57171C94CF000B3888 /* linit.c */,
				B385EF58171C94CF000B3888 /* liolib.c */,
				B385EF59171C94CF000B3888 /* llex.c */,
				B385EF5A171C94CF000B3888 /* llex.h */,
				B385EF5B171C94CF000B3888 /* llimits.h */,
				B385EF5C171C94CF000B3888 /* lmathlib.c */,
				B385EF5D171C94CF000B3888 /* lmem.c */,
				B385EF5E171C94CF000B3888 /* lmem.h */,
				B385EF5F171C94CF000B3888 /* loadlib.c */,
				B385EF60171C94CF000B3888 /* lobject.c */,
				B385EF61171C94CF000B3888 /* lobject.h */,
				B385EF62171C94CF000B3888 /* lopcodes.c */,
				B385EF63171C94CF000B3888 /* lopcodes.h */,
				B385EF64171C94CF000B3888 /* loslib.c */,
				B385EF65171C94CF000B3888 /* lparser.c */,
				B385EF66171C94CF000B3888 /* lparser.h */,
				B385EF67171C94CF000B3888 /* lstate.c */,
				B385EF68171C94CF000B3888 /* lstate.h */,
				B385EF69171C94CF000B3888 /* lstring.c */,
				B385EF6A171C94CF000B3888 /* lstring.h */,
				B385EF6B171C94CF000B3888 /* lstrlib.c */,
				B385EF6C171C94CF000B3888 /* ltable.c */,
				B385EF6D171C94CF000B3888 /* ltable.h */,
				B385EF6E171C94CF000B3888 /* ltablib.c */,
				B385EF6F171C94CF000B3888 /* ltm.c */,
				B385EF70171C94CF000B3888 /* ltm.h */,
				B385EF71171C94CF000B3888 /* lua.c */,
				B385EF72171C94CF000B3888 /* lua.h */,
				B385EF73171C94CF000B3888 /* luac.c */,
				B385EF74171C94CF000B3888 /* luaconf.h */,
				B385EF75171C94CF000B3888 /* lualib.h */,
				B385EF76171C94CF000B3888 /* lundump.c */,
				B385EF77171C94CF000B3888 /* lundump.h */,
				B385EF78171C94CF000B3888 /* lvm.c */,
				B385EF79171C94CF000B3888 /* lvm.h */,
				B385EF7A171C94CF000B3888 /* lzio.c */,
				B385EF7B171C94CF000B3888 /* lzio.h */,
				B385EF7C171C94CF000B3888 /* print.c */,
			);
			path = src;
			sourceTree = "<group>";
		};
/* End PBXGroup section */

/* Begin PBXHeadersBuildPhase section */
		302C279A142B0F8F0048A778 /* Headers */ = {
			isa = PBXHeadersBuildPhase;
			buildActionMask = 2147483647;
			files = (
				B385EF7E171C94CF000B3888 /* lua.hpp in Headers */,
				B385EF82171C94CF000B3888 /* lapi.h in Headers */,
				B385EF84171C94CF000B3888 /* lauxlib.h in Headers */,
				B385EF87171C94CF000B3888 /* lcode.h in Headers */,
				B385EF8A171C94CF000B3888 /* ldebug.h in Headers */,
				B385EF8C171C94CF000B3888 /* ldo.h in Headers */,
				B385EF8F171C94CF000B3888 /* lfunc.h in Headers */,
				B385EF91171C94CF000B3888 /* lgc.h in Headers */,
				B385EF95171C94CF000B3888 /* llex.h in Headers */,
				B385EF96171C94CF000B3888 /* llimits.h in Headers */,
				B385EF99171C94CF000B3888 /* lmem.h in Headers */,
				B385EF9C171C94CF000B3888 /* lobject.h in Headers */,
				B385EF9E171C94CF000B3888 /* lopcodes.h in Headers */,
				B385EFA1171C94CF000B3888 /* lparser.h in Headers */,
				B385EFA3171C94CF000B3888 /* lstate.h in Headers */,
				B385EFA5171C94CF000B3888 /* lstring.h in Headers */,
				B385EFA8171C94CF000B3888 /* ltable.h in Headers */,
				B385EFAB171C94CF000B3888 /* ltm.h in Headers */,
				B385EFAD171C94CF000B3888 /* lua.h in Headers */,
				B385EFAF171C94CF000B3888 /* luaconf.h in Headers */,
				B385EFB0171C94CF000B3888 /* lualib.h in Headers */,
				B385EFB2171C94CF000B3888 /* lundump.h in Headers */,
				B385EFB4171C94CF000B3888 /* lvm.h in Headers */,
				B385EFB6171C94CF000B3888 /* lzio.h in Headers */,
			);
			runOnlyForDeploymentPostprocessing = 0;
		};
/* End PBXHeadersBuildPhase section */

/* Begin PBXNativeTarget section */
		302C279B142B0F8F0048A778 /* lua */ = {
			isa = PBXNativeTarget;
			buildConfigurationList = 302C279F142B0F8F0048A778 /* Build configuration list for PBXNativeTarget "lua" */;
			buildPhases = (
				302C2798142B0F8F0048A778 /* Sources */,
				302C2799142B0F8F0048A778 /* Frameworks */,
				302C279A142B0F8F0048A778 /* Headers */,
			);
			buildRules = (
			);
			dependencies = (
			);
			name = lua;
			productName = lua;
			productReference = 302C279C142B0F8F0048A778 /* liblua.a */;
			productType = "com.apple.product-type.library.static";
		};
/* End PBXNativeTarget section */

/* Begin PBXProject section */
		302C2785142B0F6A0048A778 /* Project object */ = {
			isa = PBXProject;
			attributes = {
				LastUpgradeCheck = 0420;
			};
			buildConfigurationList = 302C2788142B0F6A0048A778 /* Build configuration list for PBXProject "lua" */;
			compatibilityVersion = "Xcode 3.2";
			developmentRegion = English;
			hasScannedForEncodings = 0;
			knownRegions = (
				en,
			);
			mainGroup = 302C2783142B0F6A0048A778;
			productRefGroup = 302C278F142B0F6A0048A778 /* Products */;
			projectDirPath = "";
			projectRoot = "";
			targets = (
				302C279B142B0F8F0048A778 /* lua */,
			);
		};
/* End PBXProject section */

/* Begin PBXSourcesBuildPhase section */
		302C2798142B0F8F0048A778 /* Sources */ = {
			isa = PBXSourcesBuildPhase;
			buildActionMask = 2147483647;
			files = (
				B385EF7D171C94CF000B3888 /* all.c in Sources */,
				B385EF7F171C94CF000B3888 /* min.c in Sources */,
				B385EF80171C94CF000B3888 /* noparser.c in Sources */,
				B385EF81171C94CF000B3888 /* lapi.c in Sources */,
				B385EF83171C94CF000B3888 /* lauxlib.c in Sources */,
				B385EF85171C94CF000B3888 /* lbaselib.c in Sources */,
				B385EF86171C94CF000B3888 /* lcode.c in Sources */,
				B385EF88171C94CF000B3888 /* ldblib.c in Sources */,
				B385EF89171C94CF000B3888 /* ldebug.c in Sources */,
				B385EF8B171C94CF000B3888 /* ldo.c in Sources */,
				B385EF8D171C94CF000B3888 /* ldump.c in Sources */,
				B385EF8E171C94CF000B3888 /* lfunc.c in Sources */,
				B385EF90171C94CF000B3888 /* lgc.c in Sources */,
				B385EF92171C94CF000B3888 /* linit.c in Sources */,
				B385EF93171C94CF000B3888 /* liolib.c in Sources */,
				B385EF94171C94CF000B3888 /* llex.c in Sources */,
				B385EF97171C94CF000B3888 /* lmathlib.c in Sources */,
				B385EF98171C94CF000B3888 /* lmem.c in Sources */,
				B385EF9A171C94CF000B3888 /* loadlib.c in Sources */,
				B385EF9B171C94CF000B3888 /* lobject.c in Sources */,
				B385EF9D171C94CF000B3888 /* lopcodes.c in Sources */,
				B385EF9F171C94CF000B3888 /* loslib.c in Sources */,
				B385EFA0171C94CF000B3888 /* lparser.c in Sources */,
				B385EFA2171C94CF000B3888 /* lstate.c in Sources */,
				B385EFA4171C94CF000B3888 /* lstring.c in Sources */,
				B385EFA6171C94CF000B3888 /* lstrlib.c in Sources */,
				B385EFA7171C94CF000B3888 /* ltable.c in Sources */,
				B385EFA9171C94CF000B3888 /* ltablib.c in Sources */,
				B385EFAA171C94CF000B3888 /* ltm.c in Sources */,
				B385EFAC171C94CF000B3888 /* lua.c in Sources */,
				B385EFAE171C94CF000B3888 /* luac.c in Sources */,
				B385EFB1171C94CF000B3888 /* lundump.c in Sources */,
				B385EFB3171C94CF000B3888 /* lvm.c in Sources */,
				B385EFB5171C94CF000B3888 /* lzio.c in Sources */,
				B385EFB7171C94CF000B3888 /* print.c in Sources */,
			);
			runOnlyForDeploymentPostprocessing = 0;
		};
/* End PBXSourcesBuildPhase section */

/* Begin XCBuildConfiguration section */
		302C2790142B0F6A0048A778 /* Debug */ = {
			isa = XCBuildConfiguration;
			buildSettings = {
				ALWAYS_SEARCH_USER_PATHS = NO;
				ARCHS = "$(ARCHS_STANDARD_32_64_BIT)";
				CONFIGURATION_BUILD_DIR = "$(SRCROOT)/lib/osx";
				COPY_PHASE_STRIP = NO;
				GCC_C_LANGUAGE_STANDARD = "compiler-default";
				GCC_DYNAMIC_NO_PIC = NO;
				GCC_ENABLE_OBJC_EXCEPTIONS = YES;
				GCC_OPTIMIZATION_LEVEL = 0;
				GCC_PREPROCESSOR_DEFINITIONS = (
					"DEBUG=1",
					"$(inherited)",
				);
				GCC_SYMBOLS_PRIVATE_EXTERN = NO;
				GCC_VERSION = "";
				GCC_WARN_64_TO_32_BIT_CONVERSION = YES;
				GCC_WARN_ABOUT_MISSING_PROTOTYPES = YES;
				GCC_WARN_ABOUT_RETURN_TYPE = YES;
				GCC_WARN_UNUSED_VARIABLE = YES;
				MACOSX_DEPLOYMENT_TARGET = 10.7;
				ONLY_ACTIVE_ARCH = YES;
				OTHER_CPLUSPLUSFLAGS = (
					"-D__MACOSX_CORE__",
					"-lpthread",
				);
				SDKROOT = macosx;
			};
			name = Debug;
		};
		302C2791142B0F6A0048A778 /* Release */ = {
			isa = XCBuildConfiguration;
			buildSettings = {
				ALWAYS_SEARCH_USER_PATHS = NO;
				ARCHS = "$(ARCHS_STANDARD_32_64_BIT)";
				CONFIGURATION_BUILD_DIR = "$(SRCROOT)/lib/osx";
				COPY_PHASE_STRIP = YES;
				DEBUG_INFORMATION_FORMAT = "dwarf-with-dsym";
				GCC_C_LANGUAGE_STANDARD = "compiler-default";
				GCC_ENABLE_OBJC_EXCEPTIONS = YES;
				GCC_VERSION = "";
				GCC_WARN_64_TO_32_BIT_CONVERSION = YES;
				GCC_WARN_ABOUT_MISSING_PROTOTYPES = YES;
				GCC_WARN_ABOUT_RETURN_TYPE = YES;
				GCC_WARN_UNUSED_VARIABLE = YES;
				MACOSX_DEPLOYMENT_TARGET = 10.7;
				OTHER_CPLUSPLUSFLAGS = (
					"-D__MACOSX_CORE__",
					"-lpthread",
				);
				SDKROOT = macosx;
			};
			name = Release;
		};
		302C279D142B0F8F0048A778 /* Debug */ = {
			isa = XCBuildConfiguration;
			buildSettings = {
				CONFIGURATION_BUILD_DIR = "$(SRCROOT)/lib/osx";
				EXECUTABLE_PREFIX = lib;
				GCC_C_LANGUAGE_STANDARD = "compiler-default";
				GCC_PREPROCESSOR_DEFINITIONS_NOT_USED_IN_PRECOMPS = (
					LUA_USE_LINUX,
					"__ASSERT_MACROS_DEFINE_VERSIONS_WITHOUT_UNDERSCORES=0",
				);
				GCC_VERSION = "";
				HEADER_SEARCH_PATHS = "$(SRCROOT)/**";
				OTHER_CPLUSPLUSFLAGS = (
					"-D__MACOSX_CORE__",
					"-lpthread",
				);
				PRODUCT_NAME = lua;
			};
			name = Debug;
		};
		302C279E142B0F8F0048A778 /* Release */ = {
			isa = XCBuildConfiguration;
			buildSettings = {
				CONFIGURATION_BUILD_DIR = "$(SRCROOT)/lib/osx";
				EXECUTABLE_PREFIX = lib;
				GCC_C_LANGUAGE_STANDARD = "compiler-default";
				GCC_PREPROCESSOR_DEFINITIONS_NOT_USED_IN_PRECOMPS = (
					LUA_USE_LINUX,
					"__ASSERT_MACROS_DEFINE_VERSIONS_WITHOUT_UNDERSCORES=0",
				);
				GCC_VERSION = "";
				HEADER_SEARCH_PATHS = "$(SRCROOT)/**";
				OTHER_CPLUSPLUSFLAGS = (
					"-D__MACOSX_CORE__",
					"-lpthread",
				);
				PRODUCT_NAME = lua;
			};
			name = Release;
		};
/* End XCBuildConfiguration section */

/* Begin XCConfigurationList section */
		302C2788142B0F6A0048A778 /* Build configuration list for PBXProject "lua" */ = {
			isa = XCConfigurationList;
			buildConfigurations = (
				302C2790142B0F6A0048A778 /* Debug */,
				302C2791142B0F6A0048A778 /* Release */,
			);
			defaultConfigurationIsVisible = 0;
			defaultConfigurationName = Release;
		};
		302C279F142B0F8F0048A778 /* Build configuration list for PBXNativeTarget "lua" */ = {
			isa = XCConfigurationList;
			buildConfigurations = (
				302C279D142B0F8F0048A778 /* Debug */,
				302C279E142B0F8F0048A778 /* Release */,
			);
			defaultConfigurationIsVisible = 0;
			defaultConfigurationName = Release;
		};
/* End XCConfigurationList section */
	};
	rootObject = 302C2785142B0F6A0048A778 /* Project object */;
}
