// !$*UTF8*$!
{
	archiveVersion = 1;
	classes = {
	};
	objectVersion = 46;
	objects = {

/* Begin PBXBuildFile section */
		B38059E6172C17CD00DF85F2 /* buildvm.c in Sources */ = {isa = PBXBuildFile; fileRef = B38058F7172C17CC00DF85F2 /* buildvm.c */; };
		B38059E7172C17CD00DF85F2 /* buildvm.h in Headers */ = {isa = PBXBuildFile; fileRef = B38058F8172C17CC00DF85F2 /* buildvm.h */; };
		B38059E9172C17CD00DF85F2 /* buildvm_arch.h in Headers */ = {isa = PBXBuildFile; fileRef = B38058FA172C17CC00DF85F2 /* buildvm_arch.h */; };
		B38059EA172C17CD00DF85F2 /* buildvm_asm.c in Sources */ = {isa = PBXBuildFile; fileRef = B38058FB172C17CC00DF85F2 /* buildvm_asm.c */; };
		B38059EC172C17CD00DF85F2 /* buildvm_fold.c in Sources */ = {isa = PBXBuildFile; fileRef = B38058FD172C17CC00DF85F2 /* buildvm_fold.c */; };
		B38059EE172C17CD00DF85F2 /* buildvm_lib.c in Sources */ = {isa = PBXBuildFile; fileRef = B38058FF172C17CC00DF85F2 /* buildvm_lib.c */; };
		B38059F0172C17CD00DF85F2 /* buildvm_peobj.c in Sources */ = {isa = PBXBuildFile; fileRef = B3805901172C17CC00DF85F2 /* buildvm_peobj.c */; };
		B38059F2172C17CD00DF85F2 /* minilua.c in Sources */ = {isa = PBXBuildFile; fileRef = B3805905172C17CC00DF85F2 /* minilua.c */; };
		B38059F4172C17CD00DF85F2 /* lauxlib.h in Headers */ = {isa = PBXBuildFile; fileRef = B3805914172C17CC00DF85F2 /* lauxlib.h */; };
		B38059F5172C17CD00DF85F2 /* lib_aux.c in Sources */ = {isa = PBXBuildFile; fileRef = B3805915172C17CC00DF85F2 /* lib_aux.c */; };
		B38059F7172C17CD00DF85F2 /* lib_base.c in Sources */ = {isa = PBXBuildFile; fileRef = B3805917172C17CC00DF85F2 /* lib_base.c */; };
		B38059F9172C17CD00DF85F2 /* lib_bit.c in Sources */ = {isa = PBXBuildFile; fileRef = B3805919172C17CC00DF85F2 /* lib_bit.c */; };
		B38059FB172C17CD00DF85F2 /* lib_debug.c in Sources */ = {isa = PBXBuildFile; fileRef = B380591B172C17CC00DF85F2 /* lib_debug.c */; };
		B38059FD172C17CD00DF85F2 /* lib_ffi.c in Sources */ = {isa = PBXBuildFile; fileRef = B380591D172C17CC00DF85F2 /* lib_ffi.c */; };
		B38059FF172C17CD00DF85F2 /* lib_init.c in Sources */ = {isa = PBXBuildFile; fileRef = B380591F172C17CC00DF85F2 /* lib_init.c */; };
		B3805A01172C17CD00DF85F2 /* lib_io.c in Sources */ = {isa = PBXBuildFile; fileRef = B3805921172C17CC00DF85F2 /* lib_io.c */; };
		B3805A03172C17CD00DF85F2 /* lib_jit.c in Sources */ = {isa = PBXBuildFile; fileRef = B3805923172C17CC00DF85F2 /* lib_jit.c */; };
		B3805A05172C17CD00DF85F2 /* lib_math.c in Sources */ = {isa = PBXBuildFile; fileRef = B3805925172C17CC00DF85F2 /* lib_math.c */; };
		B3805A07172C17CD00DF85F2 /* lib_os.c in Sources */ = {isa = PBXBuildFile; fileRef = B3805927172C17CC00DF85F2 /* lib_os.c */; };
		B3805A09172C17CD00DF85F2 /* lib_package.c in Sources */ = {isa = PBXBuildFile; fileRef = B3805929172C17CC00DF85F2 /* lib_package.c */; };
		B3805A0B172C17CD00DF85F2 /* lib_string.c in Sources */ = {isa = PBXBuildFile; fileRef = B380592B172C17CC00DF85F2 /* lib_string.c */; };
		B3805A0D172C17CD00DF85F2 /* lib_table.c in Sources */ = {isa = PBXBuildFile; fileRef = B380592D172C17CC00DF85F2 /* lib_table.c */; };
		B3805A11172C17CD00DF85F2 /* lj_alloc.c in Sources */ = {isa = PBXBuildFile; fileRef = B3805932172C17CC00DF85F2 /* lj_alloc.c */; };
		B3805A12172C17CD00DF85F2 /* lj_alloc.h in Headers */ = {isa = PBXBuildFile; fileRef = B3805933172C17CC00DF85F2 /* lj_alloc.h */; };
		B3805A14172C17CD00DF85F2 /* lj_api.c in Sources */ = {isa = PBXBuildFile; fileRef = B3805935172C17CC00DF85F2 /* lj_api.c */; };
		B3805A16172C17CD00DF85F2 /* lj_arch.h in Headers */ = {isa = PBXBuildFile; fileRef = B3805937172C17CC00DF85F2 /* lj_arch.h */; };
		B3805A17172C17CD00DF85F2 /* lj_asm.c in Sources */ = {isa = PBXBuildFile; fileRef = B3805938172C17CC00DF85F2 /* lj_asm.c */; };
		B3805A18172C17CD00DF85F2 /* lj_asm.h in Headers */ = {isa = PBXBuildFile; fileRef = B3805939172C17CC00DF85F2 /* lj_asm.h */; };
		B3805A1A172C17CD00DF85F2 /* lj_asm_arm.h in Headers */ = {isa = PBXBuildFile; fileRef = B380593B172C17CC00DF85F2 /* lj_asm_arm.h */; };
		B3805A1B172C17CD00DF85F2 /* lj_asm_mips.h in Headers */ = {isa = PBXBuildFile; fileRef = B380593C172C17CC00DF85F2 /* lj_asm_mips.h */; };
		B3805A1C172C17CD00DF85F2 /* lj_asm_ppc.h in Headers */ = {isa = PBXBuildFile; fileRef = B380593D172C17CC00DF85F2 /* lj_asm_ppc.h */; };
		B3805A1D172C17CD00DF85F2 /* lj_asm_x86.h in Headers */ = {isa = PBXBuildFile; fileRef = B380593E172C17CC00DF85F2 /* lj_asm_x86.h */; };
		B3805A1E172C17CD00DF85F2 /* lj_bc.c in Sources */ = {isa = PBXBuildFile; fileRef = B380593F172C17CC00DF85F2 /* lj_bc.c */; };
		B3805A1F172C17CD00DF85F2 /* lj_bc.h in Headers */ = {isa = PBXBuildFile; fileRef = B3805940172C17CC00DF85F2 /* lj_bc.h */; };
		B3805A21172C17CD00DF85F2 /* lj_bcdef.h in Headers */ = {isa = PBXBuildFile; fileRef = B3805942172C17CC00DF85F2 /* lj_bcdef.h */; };
		B3805A22172C17CD00DF85F2 /* lj_bcdump.h in Headers */ = {isa = PBXBuildFile; fileRef = B3805943172C17CC00DF85F2 /* lj_bcdump.h */; };
		B3805A23172C17CD00DF85F2 /* lj_bcread.c in Sources */ = {isa = PBXBuildFile; fileRef = B3805944172C17CC00DF85F2 /* lj_bcread.c */; };
		B3805A25172C17CD00DF85F2 /* lj_bcwrite.c in Sources */ = {isa = PBXBuildFile; fileRef = B3805946172C17CC00DF85F2 /* lj_bcwrite.c */; };
		B3805A27172C17CD00DF85F2 /* lj_carith.c in Sources */ = {isa = PBXBuildFile; fileRef = B3805948172C17CC00DF85F2 /* lj_carith.c */; };
		B3805A28172C17CD00DF85F2 /* lj_carith.h in Headers */ = {isa = PBXBuildFile; fileRef = B3805949172C17CC00DF85F2 /* lj_carith.h */; };
		B3805A2A172C17CD00DF85F2 /* lj_ccall.c in Sources */ = {isa = PBXBuildFile; fileRef = B380594B172C17CC00DF85F2 /* lj_ccall.c */; };
		B3805A2B172C17CD00DF85F2 /* lj_ccall.h in Headers */ = {isa = PBXBuildFile; fileRef = B380594C172C17CC00DF85F2 /* lj_ccall.h */; };
		B3805A2D172C17CD00DF85F2 /* lj_ccallback.c in Sources */ = {isa = PBXBuildFile; fileRef = B380594E172C17CC00DF85F2 /* lj_ccallback.c */; };
		B3805A2E172C17CD00DF85F2 /* lj_ccallback.h in Headers */ = {isa = PBXBuildFile; fileRef = B380594F172C17CC00DF85F2 /* lj_ccallback.h */; };
		B3805A30172C17CD00DF85F2 /* lj_cconv.c in Sources */ = {isa = PBXBuildFile; fileRef = B3805951172C17CC00DF85F2 /* lj_cconv.c */; };
		B3805A31172C17CD00DF85F2 /* lj_cconv.h in Headers */ = {isa = PBXBuildFile; fileRef = B3805952172C17CC00DF85F2 /* lj_cconv.h */; };
		B3805A33172C17CD00DF85F2 /* lj_cdata.c in Sources */ = {isa = PBXBuildFile; fileRef = B3805954172C17CC00DF85F2 /* lj_cdata.c */; };
		B3805A34172C17CD00DF85F2 /* lj_cdata.h in Headers */ = {isa = PBXBuildFile; fileRef = B3805955172C17CC00DF85F2 /* lj_cdata.h */; };
		B3805A36172C17CD00DF85F2 /* lj_char.c in Sources */ = {isa = PBXBuildFile; fileRef = B3805957172C17CC00DF85F2 /* lj_char.c */; };
		B3805A37172C17CD00DF85F2 /* lj_char.h in Headers */ = {isa = PBXBuildFile; fileRef = B3805958172C17CC00DF85F2 /* lj_char.h */; };
		B3805A39172C17CD00DF85F2 /* lj_clib.c in Sources */ = {isa = PBXBuildFile; fileRef = B380595A172C17CC00DF85F2 /* lj_clib.c */; };
		B3805A3A172C17CD00DF85F2 /* lj_clib.h in Headers */ = {isa = PBXBuildFile; fileRef = B380595B172C17CC00DF85F2 /* lj_clib.h */; };
		B3805A3C172C17CD00DF85F2 /* lj_cparse.c in Sources */ = {isa = PBXBuildFile; fileRef = B380595D172C17CC00DF85F2 /* lj_cparse.c */; };
		B3805A3D172C17CD00DF85F2 /* lj_cparse.h in Headers */ = {isa = PBXBuildFile; fileRef = B380595E172C17CC00DF85F2 /* lj_cparse.h */; };
		B3805A3F172C17CD00DF85F2 /* lj_crecord.c in Sources */ = {isa = PBXBuildFile; fileRef = B3805960172C17CC00DF85F2 /* lj_crecord.c */; };
		B3805A40172C17CD00DF85F2 /* lj_crecord.h in Headers */ = {isa = PBXBuildFile; fileRef = B3805961172C17CC00DF85F2 /* lj_crecord.h */; };
		B3805A42172C17CD00DF85F2 /* lj_ctype.c in Sources */ = {isa = PBXBuildFile; fileRef = B3805963172C17CC00DF85F2 /* lj_ctype.c */; };
		B3805A43172C17CD00DF85F2 /* lj_ctype.h in Headers */ = {isa = PBXBuildFile; fileRef = B3805964172C17CC00DF85F2 /* lj_ctype.h */; };
		B3805A45172C17CD00DF85F2 /* lj_debug.c in Sources */ = {isa = PBXBuildFile; fileRef = B3805966172C17CC00DF85F2 /* lj_debug.c */; };
		B3805A46172C17CD00DF85F2 /* lj_debug.h in Headers */ = {isa = PBXBuildFile; fileRef = B3805967172C17CC00DF85F2 /* lj_debug.h */; };
		B3805A48172C17CD00DF85F2 /* lj_def.h in Headers */ = {isa = PBXBuildFile; fileRef = B3805969172C17CC00DF85F2 /* lj_def.h */; };
		B3805A49172C17CD00DF85F2 /* lj_dispatch.c in Sources */ = {isa = PBXBuildFile; fileRef = B380596A172C17CC00DF85F2 /* lj_dispatch.c */; };
		B3805A4A172C17CD00DF85F2 /* lj_dispatch.h in Headers */ = {isa = PBXBuildFile; fileRef = B380596B172C17CC00DF85F2 /* lj_dispatch.h */; };
		B3805A4C172C17CD00DF85F2 /* lj_emit_arm.h in Headers */ = {isa = PBXBuildFile; fileRef = B380596D172C17CC00DF85F2 /* lj_emit_arm.h */; };
		B3805A4D172C17CD00DF85F2 /* lj_emit_mips.h in Headers */ = {isa = PBXBuildFile; fileRef = B380596E172C17CC00DF85F2 /* lj_emit_mips.h */; };
		B3805A4E172C17CD00DF85F2 /* lj_emit_ppc.h in Headers */ = {isa = PBXBuildFile; fileRef = B380596F172C17CC00DF85F2 /* lj_emit_ppc.h */; };
		B3805A4F172C17CD00DF85F2 /* lj_emit_x86.h in Headers */ = {isa = PBXBuildFile; fileRef = B3805970172C17CC00DF85F2 /* lj_emit_x86.h */; };
		B3805A50172C17CD00DF85F2 /* lj_err.c in Sources */ = {isa = PBXBuildFile; fileRef = B3805971172C17CC00DF85F2 /* lj_err.c */; };
		B3805A51172C17CD00DF85F2 /* lj_err.h in Headers */ = {isa = PBXBuildFile; fileRef = B3805972172C17CC00DF85F2 /* lj_err.h */; };
		B3805A53172C17CD00DF85F2 /* lj_errmsg.h in Headers */ = {isa = PBXBuildFile; fileRef = B3805974172C17CC00DF85F2 /* lj_errmsg.h */; };
		B3805A54172C17CD00DF85F2 /* lj_ff.h in Headers */ = {isa = PBXBuildFile; fileRef = B3805975172C17CC00DF85F2 /* lj_ff.h */; };
		B3805A55172C17CD00DF85F2 /* lj_ffdef.h in Headers */ = {isa = PBXBuildFile; fileRef = B3805976172C17CC00DF85F2 /* lj_ffdef.h */; };
		B3805A56172C17CD00DF85F2 /* lj_ffrecord.c in Sources */ = {isa = PBXBuildFile; fileRef = B3805977172C17CC00DF85F2 /* lj_ffrecord.c */; };
		B3805A57172C17CD00DF85F2 /* lj_ffrecord.h in Headers */ = {isa = PBXBuildFile; fileRef = B3805978172C17CC00DF85F2 /* lj_ffrecord.h */; };
		B3805A59172C17CD00DF85F2 /* lj_folddef.h in Headers */ = {isa = PBXBuildFile; fileRef = B380597A172C17CC00DF85F2 /* lj_folddef.h */; };
		B3805A5A172C17CD00DF85F2 /* lj_frame.h in Headers */ = {isa = PBXBuildFile; fileRef = B380597B172C17CC00DF85F2 /* lj_frame.h */; };
		B3805A5B172C17CD00DF85F2 /* lj_func.c in Sources */ = {isa = PBXBuildFile; fileRef = B380597C172C17CC00DF85F2 /* lj_func.c */; };
		B3805A5C172C17CD00DF85F2 /* lj_func.h in Headers */ = {isa = PBXBuildFile; fileRef = B380597D172C17CC00DF85F2 /* lj_func.h */; };
		B3805A5E172C17CD00DF85F2 /* lj_gc.c in Sources */ = {isa = PBXBuildFile; fileRef = B380597F172C17CC00DF85F2 /* lj_gc.c */; };
		B3805A5F172C17CD00DF85F2 /* lj_gc.h in Headers */ = {isa = PBXBuildFile; fileRef = B3805980172C17CC00DF85F2 /* lj_gc.h */; };
		B3805A61172C17CD00DF85F2 /* lj_gdbjit.c in Sources */ = {isa = PBXBuildFile; fileRef = B3805982172C17CC00DF85F2 /* lj_gdbjit.c */; };
		B3805A62172C17CD00DF85F2 /* lj_gdbjit.h in Headers */ = {isa = PBXBuildFile; fileRef = B3805983172C17CC00DF85F2 /* lj_gdbjit.h */; };
		B3805A64172C17CD00DF85F2 /* lj_ir.c in Sources */ = {isa = PBXBuildFile; fileRef = B3805985172C17CC00DF85F2 /* lj_ir.c */; };
		B3805A65172C17CD00DF85F2 /* lj_ir.h in Headers */ = {isa = PBXBuildFile; fileRef = B3805986172C17CC00DF85F2 /* lj_ir.h */; };
		B3805A67172C17CD00DF85F2 /* lj_ircall.h in Headers */ = {isa = PBXBuildFile; fileRef = B3805988172C17CC00DF85F2 /* lj_ircall.h */; };
		B3805A68172C17CD00DF85F2 /* lj_iropt.h in Headers */ = {isa = PBXBuildFile; fileRef = B3805989172C17CC00DF85F2 /* lj_iropt.h */; };
		B3805A69172C17CD00DF85F2 /* lj_jit.h in Headers */ = {isa = PBXBuildFile; fileRef = B380598A172C17CC00DF85F2 /* lj_jit.h */; };
		B3805A6A172C17CD00DF85F2 /* lj_lex.c in Sources */ = {isa = PBXBuildFile; fileRef = B380598B172C17CC00DF85F2 /* lj_lex.c */; };
		B3805A6B172C17CD00DF85F2 /* lj_lex.h in Headers */ = {isa = PBXBuildFile; fileRef = B380598C172C17CC00DF85F2 /* lj_lex.h */; };
		B3805A6D172C17CD00DF85F2 /* lj_lib.c in Sources */ = {isa = PBXBuildFile; fileRef = B380598E172C17CC00DF85F2 /* lj_lib.c */; };
		B3805A6E172C17CD00DF85F2 /* lj_lib.h in Headers */ = {isa = PBXBuildFile; fileRef = B380598F172C17CC00DF85F2 /* lj_lib.h */; };
		B3805A70172C17CD00DF85F2 /* lj_libdef.h in Headers */ = {isa = PBXBuildFile; fileRef = B3805991172C17CC00DF85F2 /* lj_libdef.h */; };
		B3805A71172C17CD00DF85F2 /* lj_load.c in Sources */ = {isa = PBXBuildFile; fileRef = B3805992172C17CC00DF85F2 /* lj_load.c */; };
		B3805A73172C17CD00DF85F2 /* lj_mcode.c in Sources */ = {isa = PBXBuildFile; fileRef = B3805994172C17CC00DF85F2 /* lj_mcode.c */; };
		B3805A74172C17CD00DF85F2 /* lj_mcode.h in Headers */ = {isa = PBXBuildFile; fileRef = B3805995172C17CC00DF85F2 /* lj_mcode.h */; };
		B3805A76172C17CD00DF85F2 /* lj_meta.c in Sources */ = {isa = PBXBuildFile; fileRef = B3805997172C17CC00DF85F2 /* lj_meta.c */; };
		B3805A77172C17CD00DF85F2 /* lj_meta.h in Headers */ = {isa = PBXBuildFile; fileRef = B3805998172C17CC00DF85F2 /* lj_meta.h */; };
		B3805A79172C17CD00DF85F2 /* lj_obj.c in Sources */ = {isa = PBXBuildFile; fileRef = B380599A172C17CC00DF85F2 /* lj_obj.c */; };
		B3805A7A172C17CD00DF85F2 /* lj_obj.h in Headers */ = {isa = PBXBuildFile; fileRef = B380599B172C17CC00DF85F2 /* lj_obj.h */; };
		B3805A7C172C17CD00DF85F2 /* lj_opt_dce.c in Sources */ = {isa = PBXBuildFile; fileRef = B380599D172C17CC00DF85F2 /* lj_opt_dce.c */; };
		B3805A7E172C17CD00DF85F2 /* lj_opt_fold.c in Sources */ = {isa = PBXBuildFile; fileRef = B380599F172C17CC00DF85F2 /* lj_opt_fold.c */; };
		B3805A80172C17CD00DF85F2 /* lj_opt_loop.c in Sources */ = {isa = PBXBuildFile; fileRef = B38059A1172C17CC00DF85F2 /* lj_opt_loop.c */; };
		B3805A82172C17CD00DF85F2 /* lj_opt_mem.c in Sources */ = {isa = PBXBuildFile; fileRef = B38059A3172C17CC00DF85F2 /* lj_opt_mem.c */; };
		B3805A84172C17CD00DF85F2 /* lj_opt_narrow.c in Sources */ = {isa = PBXBuildFile; fileRef = B38059A5172C17CC00DF85F2 /* lj_opt_narrow.c */; };
		B3805A86172C17CD00DF85F2 /* lj_opt_sink.c in Sources */ = {isa = PBXBuildFile; fileRef = B38059A7172C17CC00DF85F2 /* lj_opt_sink.c */; };
		B3805A88172C17CD00DF85F2 /* lj_opt_split.c in Sources */ = {isa = PBXBuildFile; fileRef = B38059A9172C17CC00DF85F2 /* lj_opt_split.c */; };
		B3805A8A172C17CD00DF85F2 /* lj_parse.c in Sources */ = {isa = PBXBuildFile; fileRef = B38059AB172C17CC00DF85F2 /* lj_parse.c */; };
		B3805A8B172C17CD00DF85F2 /* lj_parse.h in Headers */ = {isa = PBXBuildFile; fileRef = B38059AC172C17CC00DF85F2 /* lj_parse.h */; };
		B3805A8D172C17CD00DF85F2 /* lj_recdef.h in Headers */ = {isa = PBXBuildFile; fileRef = B38059AE172C17CC00DF85F2 /* lj_recdef.h */; };
		B3805A8E172C17CD00DF85F2 /* lj_record.c in Sources */ = {isa = PBXBuildFile; fileRef = B38059AF172C17CC00DF85F2 /* lj_record.c */; };
		B3805A8F172C17CD00DF85F2 /* lj_record.h in Headers */ = {isa = PBXBuildFile; fileRef = B38059B0172C17CC00DF85F2 /* lj_record.h */; };
		B3805A91172C17CD00DF85F2 /* lj_snap.c in Sources */ = {isa = PBXBuildFile; fileRef = B38059B2172C17CC00DF85F2 /* lj_snap.c */; };
		B3805A92172C17CD00DF85F2 /* lj_snap.h in Headers */ = {isa = PBXBuildFile; fileRef = B38059B3172C17CC00DF85F2 /* lj_snap.h */; };
		B3805A94172C17CD00DF85F2 /* lj_state.c in Sources */ = {isa = PBXBuildFile; fileRef = B38059B5172C17CC00DF85F2 /* lj_state.c */; };
		B3805A95172C17CD00DF85F2 /* lj_state.h in Headers */ = {isa = PBXBuildFile; fileRef = B38059B6172C17CC00DF85F2 /* lj_state.h */; };
		B3805A97172C17CD00DF85F2 /* lj_str.c in Sources */ = {isa = PBXBuildFile; fileRef = B38059B8172C17CC00DF85F2 /* lj_str.c */; };
		B3805A98172C17CD00DF85F2 /* lj_str.h in Headers */ = {isa = PBXBuildFile; fileRef = B38059B9172C17CC00DF85F2 /* lj_str.h */; };
		B3805A9A172C17CD00DF85F2 /* lj_strscan.c in Sources */ = {isa = PBXBuildFile; fileRef = B38059BB172C17CC00DF85F2 /* lj_strscan.c */; };
		B3805A9B172C17CD00DF85F2 /* lj_strscan.h in Headers */ = {isa = PBXBuildFile; fileRef = B38059BC172C17CC00DF85F2 /* lj_strscan.h */; };
		B3805A9D172C17CD00DF85F2 /* lj_tab.c in Sources */ = {isa = PBXBuildFile; fileRef = B38059BE172C17CC00DF85F2 /* lj_tab.c */; };
		B3805A9E172C17CD00DF85F2 /* lj_tab.h in Headers */ = {isa = PBXBuildFile; fileRef = B38059BF172C17CC00DF85F2 /* lj_tab.h */; };
		B3805AA0172C17CD00DF85F2 /* lj_target.h in Headers */ = {isa = PBXBuildFile; fileRef = B38059C1172C17CC00DF85F2 /* lj_target.h */; };
		B3805AA1172C17CD00DF85F2 /* lj_target_arm.h in Headers */ = {isa = PBXBuildFile; fileRef = B38059C2172C17CC00DF85F2 /* lj_target_arm.h */; };
		B3805AA2172C17CD00DF85F2 /* lj_target_mips.h in Headers */ = {isa = PBXBuildFile; fileRef = B38059C3172C17CD00DF85F2 /* lj_target_mips.h */; };
		B3805AA3172C17CD00DF85F2 /* lj_target_ppc.h in Headers */ = {isa = PBXBuildFile; fileRef = B38059C4172C17CD00DF85F2 /* lj_target_ppc.h */; };
		B3805AA4172C17CD00DF85F2 /* lj_target_x86.h in Headers */ = {isa = PBXBuildFile; fileRef = B38059C5172C17CD00DF85F2 /* lj_target_x86.h */; };
		B3805AA5172C17CD00DF85F2 /* lj_trace.c in Sources */ = {isa = PBXBuildFile; fileRef = B38059C6172C17CD00DF85F2 /* lj_trace.c */; };
		B3805AA6172C17CD00DF85F2 /* lj_trace.h in Headers */ = {isa = PBXBuildFile; fileRef = B38059C7172C17CD00DF85F2 /* lj_trace.h */; };
		B3805AA8172C17CD00DF85F2 /* lj_traceerr.h in Headers */ = {isa = PBXBuildFile; fileRef = B38059C9172C17CD00DF85F2 /* lj_traceerr.h */; };
		B3805AA9172C17CD00DF85F2 /* lj_udata.c in Sources */ = {isa = PBXBuildFile; fileRef = B38059CA172C17CD00DF85F2 /* lj_udata.c */; };
		B3805AAA172C17CD00DF85F2 /* lj_udata.h in Headers */ = {isa = PBXBuildFile; fileRef = B38059CB172C17CD00DF85F2 /* lj_udata.h */; };
		B3805AAC172C17CD00DF85F2 /* lj_vm.h in Headers */ = {isa = PBXBuildFile; fileRef = B38059CD172C17CD00DF85F2 /* lj_vm.h */; };
		B3805AAE172C17CD00DF85F2 /* lj_vm.s in Sources */ = {isa = PBXBuildFile; fileRef = B38059CF172C17CD00DF85F2 /* lj_vm.s */; };
		B3805AAF172C17CD00DF85F2 /* lj_vmevent.c in Sources */ = {isa = PBXBuildFile; fileRef = B38059D0172C17CD00DF85F2 /* lj_vmevent.c */; };
		B3805AB0172C17CD00DF85F2 /* lj_vmevent.h in Headers */ = {isa = PBXBuildFile; fileRef = B38059D1172C17CD00DF85F2 /* lj_vmevent.h */; };
		B3805AB2172C17CD00DF85F2 /* lj_vmmath.c in Sources */ = {isa = PBXBuildFile; fileRef = B38059D3172C17CD00DF85F2 /* lj_vmmath.c */; };
		B3805AB4172C17CD00DF85F2 /* ljamalg.c in Sources */ = {isa = PBXBuildFile; fileRef = B38059D5172C17CD00DF85F2 /* ljamalg.c */; };
		B3805AB5172C17CD00DF85F2 /* lua.h in Headers */ = {isa = PBXBuildFile; fileRef = B38059D6172C17CD00DF85F2 /* lua.h */; };
		B3805AB6172C17CD00DF85F2 /* lua.hpp in Headers */ = {isa = PBXBuildFile; fileRef = B38059D7172C17CD00DF85F2 /* lua.hpp */; };
		B3805AB7172C17CD00DF85F2 /* luaconf.h in Headers */ = {isa = PBXBuildFile; fileRef = B38059D8172C17CD00DF85F2 /* luaconf.h */; };
		B3805AB8172C17CD00DF85F2 /* luajit.c in Sources */ = {isa = PBXBuildFile; fileRef = B38059DA172C17CD00DF85F2 /* luajit.c */; };
		B3805AB9172C17CD00DF85F2 /* luajit.h in Headers */ = {isa = PBXBuildFile; fileRef = B38059DB172C17CD00DF85F2 /* luajit.h */; };
		B3805ABB172C17CD00DF85F2 /* lualib.h in Headers */ = {isa = PBXBuildFile; fileRef = B38059DD172C17CD00DF85F2 /* lualib.h */; };
/* End PBXBuildFile section */

/* Begin PBXFileReference section */
		302C279C142B0F8F0048A778 /* libluajit.a */ = {isa = PBXFileReference; explicitFileType = archive.ar; includeInIndex = 0; path = libluajit.a; sourceTree = BUILT_PRODUCTS_DIR; };
		B38058F7172C17CC00DF85F2 /* buildvm.c */ = {isa = PBXFileReference; fileEncoding = 4; lastKnownFileType = sourcecode.c.c; path = buildvm.c; sourceTree = "<group>"; };
		B38058F8172C17CC00DF85F2 /* buildvm.h */ = {isa = PBXFileReference; fileEncoding = 4; lastKnownFileType = sourcecode.c.h; path = buildvm.h; sourceTree = "<group>"; };
		B38058FA172C17CC00DF85F2 /* buildvm_arch.h */ = {isa = PBXFileReference; fileEncoding = 4; lastKnownFileType = sourcecode.c.h; path = buildvm_arch.h; sourceTree = "<group>"; };
		B38058FB172C17CC00DF85F2 /* buildvm_asm.c */ = {isa = PBXFileReference; fileEncoding = 4; lastKnownFileType = sourcecode.c.c; path = buildvm_asm.c; sourceTree = "<group>"; };
		B38058FD172C17CC00DF85F2 /* buildvm_fold.c */ = {isa = PBXFileReference; fileEncoding = 4; lastKnownFileType = sourcecode.c.c; path = buildvm_fold.c; sourceTree = "<group>"; };
		B38058FF172C17CC00DF85F2 /* buildvm_lib.c */ = {isa = PBXFileReference; fileEncoding = 4; lastKnownFileType = sourcecode.c.c; path = buildvm_lib.c; sourceTree = "<group>"; };
		B3805901172C17CC00DF85F2 /* buildvm_peobj.c */ = {isa = PBXFileReference; fileEncoding = 4; lastKnownFileType = sourcecode.c.c; path = buildvm_peobj.c; sourceTree = "<group>"; };
		B3805905172C17CC00DF85F2 /* minilua.c */ = {isa = PBXFileReference; fileEncoding = 4; lastKnownFileType = sourcecode.c.c; path = minilua.c; sourceTree = "<group>"; };
		B3805914172C17CC00DF85F2 /* lauxlib.h */ = {isa = PBXFileReference; fileEncoding = 4; lastKnownFileType = sourcecode.c.h; path = lauxlib.h; sourceTree = "<group>"; };
		B3805915172C17CC00DF85F2 /* lib_aux.c */ = {isa = PBXFileReference; fileEncoding = 4; lastKnownFileType = sourcecode.c.c; path = lib_aux.c; sourceTree = "<group>"; };
		B3805917172C17CC00DF85F2 /* lib_base.c */ = {isa = PBXFileReference; fileEncoding = 4; lastKnownFileType = sourcecode.c.c; path = lib_base.c; sourceTree = "<group>"; };
		B3805919172C17CC00DF85F2 /* lib_bit.c */ = {isa = PBXFileReference; fileEncoding = 4; lastKnownFileType = sourcecode.c.c; path = lib_bit.c; sourceTree = "<group>"; };
		B380591B172C17CC00DF85F2 /* lib_debug.c */ = {isa = PBXFileReference; fileEncoding = 4; lastKnownFileType = sourcecode.c.c; path = lib_debug.c; sourceTree = "<group>"; };
		B380591D172C17CC00DF85F2 /* lib_ffi.c */ = {isa = PBXFileReference; fileEncoding = 4; lastKnownFileType = sourcecode.c.c; path = lib_ffi.c; sourceTree = "<group>"; };
		B380591F172C17CC00DF85F2 /* lib_init.c */ = {isa = PBXFileReference; fileEncoding = 4; lastKnownFileType = sourcecode.c.c; path = lib_init.c; sourceTree = "<group>"; };
		B3805921172C17CC00DF85F2 /* lib_io.c */ = {isa = PBXFileReference; fileEncoding = 4; lastKnownFileType = sourcecode.c.c; path = lib_io.c; sourceTree = "<group>"; };
		B3805923172C17CC00DF85F2 /* lib_jit.c */ = {isa = PBXFileReference; fileEncoding = 4; lastKnownFileType = sourcecode.c.c; path = lib_jit.c; sourceTree = "<group>"; };
		B3805925172C17CC00DF85F2 /* lib_math.c */ = {isa = PBXFileReference; fileEncoding = 4; lastKnownFileType = sourcecode.c.c; path = lib_math.c; sourceTree = "<group>"; };
		B3805927172C17CC00DF85F2 /* lib_os.c */ = {isa = PBXFileReference; fileEncoding = 4; lastKnownFileType = sourcecode.c.c; path = lib_os.c; sourceTree = "<group>"; };
		B3805929172C17CC00DF85F2 /* lib_package.c */ = {isa = PBXFileReference; fileEncoding = 4; lastKnownFileType = sourcecode.c.c; path = lib_package.c; sourceTree = "<group>"; };
		B380592B172C17CC00DF85F2 /* lib_string.c */ = {isa = PBXFileReference; fileEncoding = 4; lastKnownFileType = sourcecode.c.c; path = lib_string.c; sourceTree = "<group>"; };
		B380592D172C17CC00DF85F2 /* lib_table.c */ = {isa = PBXFileReference; fileEncoding = 4; lastKnownFileType = sourcecode.c.c; path = lib_table.c; sourceTree = "<group>"; };
		B3805931172C17CC00DF85F2 /* lj.supp */ = {isa = PBXFileReference; fileEncoding = 4; lastKnownFileType = text; path = lj.supp; sourceTree = "<group>"; };
		B3805932172C17CC00DF85F2 /* lj_alloc.c */ = {isa = PBXFileReference; fileEncoding = 4; lastKnownFileType = sourcecode.c.c; path = lj_alloc.c; sourceTree = "<group>"; };
		B3805933172C17CC00DF85F2 /* lj_alloc.h */ = {isa = PBXFileReference; fileEncoding = 4; lastKnownFileType = sourcecode.c.h; path = lj_alloc.h; sourceTree = "<group>"; };
		B3805935172C17CC00DF85F2 /* lj_api.c */ = {isa = PBXFileReference; fileEncoding = 4; lastKnownFileType = sourcecode.c.c; path = lj_api.c; sourceTree = "<group>"; };
		B3805937172C17CC00DF85F2 /* lj_arch.h */ = {isa = PBXFileReference; fileEncoding = 4; lastKnownFileType = sourcecode.c.h; path = lj_arch.h; sourceTree = "<group>"; };
		B3805938172C17CC00DF85F2 /* lj_asm.c */ = {isa = PBXFileReference; fileEncoding = 4; lastKnownFileType = sourcecode.c.c; path = lj_asm.c; sourceTree = "<group>"; };
		B3805939172C17CC00DF85F2 /* lj_asm.h */ = {isa = PBXFileReference; fileEncoding = 4; lastKnownFileType = sourcecode.c.h; path = lj_asm.h; sourceTree = "<group>"; };
		B380593B172C17CC00DF85F2 /* lj_asm_arm.h */ = {isa = PBXFileReference; fileEncoding = 4; lastKnownFileType = sourcecode.c.h; path = lj_asm_arm.h; sourceTree = "<group>"; };
		B380593C172C17CC00DF85F2 /* lj_asm_mips.h */ = {isa = PBXFileReference; fileEncoding = 4; lastKnownFileType = sourcecode.c.h; path = lj_asm_mips.h; sourceTree = "<group>"; };
		B380593D172C17CC00DF85F2 /* lj_asm_ppc.h */ = {isa = PBXFileReference; fileEncoding = 4; lastKnownFileType = sourcecode.c.h; path = lj_asm_ppc.h; sourceTree = "<group>"; };
		B380593E172C17CC00DF85F2 /* lj_asm_x86.h */ = {isa = PBXFileReference; fileEncoding = 4; lastKnownFileType = sourcecode.c.h; path = lj_asm_x86.h; sourceTree = "<group>"; };
		B380593F172C17CC00DF85F2 /* lj_bc.c */ = {isa = PBXFileReference; fileEncoding = 4; lastKnownFileType = sourcecode.c.c; path = lj_bc.c; sourceTree = "<group>"; };
		B3805940172C17CC00DF85F2 /* lj_bc.h */ = {isa = PBXFileReference; fileEncoding = 4; lastKnownFileType = sourcecode.c.h; path = lj_bc.h; sourceTree = "<group>"; };
		B3805942172C17CC00DF85F2 /* lj_bcdef.h */ = {isa = PBXFileReference; fileEncoding = 4; lastKnownFileType = sourcecode.c.h; path = lj_bcdef.h; sourceTree = "<group>"; };
		B3805943172C17CC00DF85F2 /* lj_bcdump.h */ = {isa = PBXFileReference; fileEncoding = 4; lastKnownFileType = sourcecode.c.h; path = lj_bcdump.h; sourceTree = "<group>"; };
		B3805944172C17CC00DF85F2 /* lj_bcread.c */ = {isa = PBXFileReference; fileEncoding = 4; lastKnownFileType = sourcecode.c.c; path = lj_bcread.c; sourceTree = "<group>"; };
		B3805946172C17CC00DF85F2 /* lj_bcwrite.c */ = {isa = PBXFileReference; fileEncoding = 4; lastKnownFileType = sourcecode.c.c; path = lj_bcwrite.c; sourceTree = "<group>"; };
		B3805948172C17CC00DF85F2 /* lj_carith.c */ = {isa = PBXFileReference; fileEncoding = 4; lastKnownFileType = sourcecode.c.c; path = lj_carith.c; sourceTree = "<group>"; };
		B3805949172C17CC00DF85F2 /* lj_carith.h */ = {isa = PBXFileReference; fileEncoding = 4; lastKnownFileType = sourcecode.c.h; path = lj_carith.h; sourceTree = "<group>"; };
		B380594B172C17CC00DF85F2 /* lj_ccall.c */ = {isa = PBXFileReference; fileEncoding = 4; lastKnownFileType = sourcecode.c.c; path = lj_ccall.c; sourceTree = "<group>"; };
		B380594C172C17CC00DF85F2 /* lj_ccall.h */ = {isa = PBXFileReference; fileEncoding = 4; lastKnownFileType = sourcecode.c.h; path = lj_ccall.h; sourceTree = "<group>"; };
		B380594E172C17CC00DF85F2 /* lj_ccallback.c */ = {isa = PBXFileReference; fileEncoding = 4; lastKnownFileType = sourcecode.c.c; path = lj_ccallback.c; sourceTree = "<group>"; };
		B380594F172C17CC00DF85F2 /* lj_ccallback.h */ = {isa = PBXFileReference; fileEncoding = 4; lastKnownFileType = sourcecode.c.h; path = lj_ccallback.h; sourceTree = "<group>"; };
		B3805951172C17CC00DF85F2 /* lj_cconv.c */ = {isa = PBXFileReference; fileEncoding = 4; lastKnownFileType = sourcecode.c.c; path = lj_cconv.c; sourceTree = "<group>"; };
		B3805952172C17CC00DF85F2 /* lj_cconv.h */ = {isa = PBXFileReference; fileEncoding = 4; lastKnownFileType = sourcecode.c.h; path = lj_cconv.h; sourceTree = "<group>"; };
		B3805954172C17CC00DF85F2 /* lj_cdata.c */ = {isa = PBXFileReference; fileEncoding = 4; lastKnownFileType = sourcecode.c.c; path = lj_cdata.c; sourceTree = "<group>"; };
		B3805955172C17CC00DF85F2 /* lj_cdata.h */ = {isa = PBXFileReference; fileEncoding = 4; lastKnownFileType = sourcecode.c.h; path = lj_cdata.h; sourceTree = "<group>"; };
		B3805957172C17CC00DF85F2 /* lj_char.c */ = {isa = PBXFileReference; fileEncoding = 4; lastKnownFileType = sourcecode.c.c; path = lj_char.c; sourceTree = "<group>"; };
		B3805958172C17CC00DF85F2 /* lj_char.h */ = {isa = PBXFileReference; fileEncoding = 4; lastKnownFileType = sourcecode.c.h; path = lj_char.h; sourceTree = "<group>"; };
		B380595A172C17CC00DF85F2 /* lj_clib.c */ = {isa = PBXFileReference; fileEncoding = 4; lastKnownFileType = sourcecode.c.c; path = lj_clib.c; sourceTree = "<group>"; };
		B380595B172C17CC00DF85F2 /* lj_clib.h */ = {isa = PBXFileReference; fileEncoding = 4; lastKnownFileType = sourcecode.c.h; path = lj_clib.h; sourceTree = "<group>"; };
		B380595D172C17CC00DF85F2 /* lj_cparse.c */ = {isa = PBXFileReference; fileEncoding = 4; lastKnownFileType = sourcecode.c.c; path = lj_cparse.c; sourceTree = "<group>"; };
		B380595E172C17CC00DF85F2 /* lj_cparse.h */ = {isa = PBXFileReference; fileEncoding = 4; lastKnownFileType = sourcecode.c.h; path = lj_cparse.h; sourceTree = "<group>"; };
		B3805960172C17CC00DF85F2 /* lj_crecord.c */ = {isa = PBXFileReference; fileEncoding = 4; lastKnownFileType = sourcecode.c.c; path = lj_crecord.c; sourceTree = "<group>"; };
		B3805961172C17CC00DF85F2 /* lj_crecord.h */ = {isa = PBXFileReference; fileEncoding = 4; lastKnownFileType = sourcecode.c.h; path = lj_crecord.h; sourceTree = "<group>"; };
		B3805963172C17CC00DF85F2 /* lj_ctype.c */ = {isa = PBXFileReference; fileEncoding = 4; lastKnownFileType = sourcecode.c.c; path = lj_ctype.c; sourceTree = "<group>"; };
		B3805964172C17CC00DF85F2 /* lj_ctype.h */ = {isa = PBXFileReference; fileEncoding = 4; lastKnownFileType = sourcecode.c.h; path = lj_ctype.h; sourceTree = "<group>"; };
		B3805966172C17CC00DF85F2 /* lj_debug.c */ = {isa = PBXFileReference; fileEncoding = 4; lastKnownFileType = sourcecode.c.c; path = lj_debug.c; sourceTree = "<group>"; };
		B3805967172C17CC00DF85F2 /* lj_debug.h */ = {isa = PBXFileReference; fileEncoding = 4; lastKnownFileType = sourcecode.c.h; path = lj_debug.h; sourceTree = "<group>"; };
		B3805969172C17CC00DF85F2 /* lj_def.h */ = {isa = PBXFileReference; fileEncoding = 4; lastKnownFileType = sourcecode.c.h; path = lj_def.h; sourceTree = "<group>"; };
		B380596A172C17CC00DF85F2 /* lj_dispatch.c */ = {isa = PBXFileReference; fileEncoding = 4; lastKnownFileType = sourcecode.c.c; path = lj_dispatch.c; sourceTree = "<group>"; };
		B380596B172C17CC00DF85F2 /* lj_dispatch.h */ = {isa = PBXFileReference; fileEncoding = 4; lastKnownFileType = sourcecode.c.h; path = lj_dispatch.h; sourceTree = "<group>"; };
		B380596D172C17CC00DF85F2 /* lj_emit_arm.h */ = {isa = PBXFileReference; fileEncoding = 4; lastKnownFileType = sourcecode.c.h; path = lj_emit_arm.h; sourceTree = "<group>"; };
		B380596E172C17CC00DF85F2 /* lj_emit_mips.h */ = {isa = PBXFileReference; fileEncoding = 4; lastKnownFileType = sourcecode.c.h; path = lj_emit_mips.h; sourceTree = "<group>"; };
		B380596F172C17CC00DF85F2 /* lj_emit_ppc.h */ = {isa = PBXFileReference; fileEncoding = 4; lastKnownFileType = sourcecode.c.h; path = lj_emit_ppc.h; sourceTree = "<group>"; };
		B3805970172C17CC00DF85F2 /* lj_emit_x86.h */ = {isa = PBXFileReference; fileEncoding = 4; lastKnownFileType = sourcecode.c.h; path = lj_emit_x86.h; sourceTree = "<group>"; };
		B3805971172C17CC00DF85F2 /* lj_err.c */ = {isa = PBXFileReference; fileEncoding = 4; lastKnownFileType = sourcecode.c.c; path = lj_err.c; sourceTree = "<group>"; };
		B3805972172C17CC00DF85F2 /* lj_err.h */ = {isa = PBXFileReference; fileEncoding = 4; lastKnownFileType = sourcecode.c.h; path = lj_err.h; sourceTree = "<group>"; };
		B3805974172C17CC00DF85F2 /* lj_errmsg.h */ = {isa = PBXFileReference; fileEncoding = 4; lastKnownFileType = sourcecode.c.h; path = lj_errmsg.h; sourceTree = "<group>"; };
		B3805975172C17CC00DF85F2 /* lj_ff.h */ = {isa = PBXFileReference; fileEncoding = 4; lastKnownFileType = sourcecode.c.h; path = lj_ff.h; sourceTree = "<group>"; };
		B3805976172C17CC00DF85F2 /* lj_ffdef.h */ = {isa = PBXFileReference; fileEncoding = 4; lastKnownFileType = sourcecode.c.h; path = lj_ffdef.h; sourceTree = "<group>"; };
		B3805977172C17CC00DF85F2 /* lj_ffrecord.c */ = {isa = PBXFileReference; fileEncoding = 4; lastKnownFileType = sourcecode.c.c; path = lj_ffrecord.c; sourceTree = "<group>"; };
		B3805978172C17CC00DF85F2 /* lj_ffrecord.h */ = {isa = PBXFileReference; fileEncoding = 4; lastKnownFileType = sourcecode.c.h; path = lj_ffrecord.h; sourceTree = "<group>"; };
		B380597A172C17CC00DF85F2 /* lj_folddef.h */ = {isa = PBXFileReference; fileEncoding = 4; lastKnownFileType = sourcecode.c.h; path = lj_folddef.h; sourceTree = "<group>"; };
		B380597B172C17CC00DF85F2 /* lj_frame.h */ = {isa = PBXFileReference; fileEncoding = 4; lastKnownFileType = sourcecode.c.h; path = lj_frame.h; sourceTree = "<group>"; };
		B380597C172C17CC00DF85F2 /* lj_func.c */ = {isa = PBXFileReference; fileEncoding = 4; lastKnownFileType = sourcecode.c.c; path = lj_func.c; sourceTree = "<group>"; };
		B380597D172C17CC00DF85F2 /* lj_func.h */ = {isa = PBXFileReference; fileEncoding = 4; lastKnownFileType = sourcecode.c.h; path = lj_func.h; sourceTree = "<group>"; };
		B380597F172C17CC00DF85F2 /* lj_gc.c */ = {isa = PBXFileReference; fileEncoding = 4; lastKnownFileType = sourcecode.c.c; path = lj_gc.c; sourceTree = "<group>"; };
		B3805980172C17CC00DF85F2 /* lj_gc.h */ = {isa = PBXFileReference; fileEncoding = 4; lastKnownFileType = sourcecode.c.h; path = lj_gc.h; sourceTree = "<group>"; };
		B3805982172C17CC00DF85F2 /* lj_gdbjit.c */ = {isa = PBXFileReference; fileEncoding = 4; lastKnownFileType = sourcecode.c.c; path = lj_gdbjit.c; sourceTree = "<group>"; };
		B3805983172C17CC00DF85F2 /* lj_gdbjit.h */ = {isa = PBXFileReference; fileEncoding = 4; lastKnownFileType = sourcecode.c.h; path = lj_gdbjit.h; sourceTree = "<group>"; };
		B3805985172C17CC00DF85F2 /* lj_ir.c */ = {isa = PBXFileReference; fileEncoding = 4; lastKnownFileType = sourcecode.c.c; path = lj_ir.c; sourceTree = "<group>"; };
		B3805986172C17CC00DF85F2 /* lj_ir.h */ = {isa = PBXFileReference; fileEncoding = 4; lastKnownFileType = sourcecode.c.h; path = lj_ir.h; sourceTree = "<group>"; };
		B3805988172C17CC00DF85F2 /* lj_ircall.h */ = {isa = PBXFileReference; fileEncoding = 4; lastKnownFileType = sourcecode.c.h; path = lj_ircall.h; sourceTree = "<group>"; };
		B3805989172C17CC00DF85F2 /* lj_iropt.h */ = {isa = PBXFileReference; fileEncoding = 4; lastKnownFileType = sourcecode.c.h; path = lj_iropt.h; sourceTree = "<group>"; };
		B380598A172C17CC00DF85F2 /* lj_jit.h */ = {isa = PBXFileReference; fileEncoding = 4; lastKnownFileType = sourcecode.c.h; path = lj_jit.h; sourceTree = "<group>"; };
		B380598B172C17CC00DF85F2 /* lj_lex.c */ = {isa = PBXFileReference; fileEncoding = 4; lastKnownFileType = sourcecode.c.c; path = lj_lex.c; sourceTree = "<group>"; };
		B380598C172C17CC00DF85F2 /* lj_lex.h */ = {isa = PBXFileReference; fileEncoding = 4; lastKnownFileType = sourcecode.c.h; path = lj_lex.h; sourceTree = "<group>"; };
		B380598E172C17CC00DF85F2 /* lj_lib.c */ = {isa = PBXFileReference; fileEncoding = 4; lastKnownFileType = sourcecode.c.c; path = lj_lib.c; sourceTree = "<group>"; };
		B380598F172C17CC00DF85F2 /* lj_lib.h */ = {isa = PBXFileReference; fileEncoding = 4; lastKnownFileType = sourcecode.c.h; path = lj_lib.h; sourceTree = "<group>"; };
		B3805991172C17CC00DF85F2 /* lj_libdef.h */ = {isa = PBXFileReference; fileEncoding = 4; lastKnownFileType = sourcecode.c.h; path = lj_libdef.h; sourceTree = "<group>"; };
		B3805992172C17CC00DF85F2 /* lj_load.c */ = {isa = PBXFileReference; fileEncoding = 4; lastKnownFileType = sourcecode.c.c; path = lj_load.c; sourceTree = "<group>"; };
		B3805994172C17CC00DF85F2 /* lj_mcode.c */ = {isa = PBXFileReference; fileEncoding = 4; lastKnownFileType = sourcecode.c.c; path = lj_mcode.c; sourceTree = "<group>"; };
		B3805995172C17CC00DF85F2 /* lj_mcode.h */ = {isa = PBXFileReference; fileEncoding = 4; lastKnownFileType = sourcecode.c.h; path = lj_mcode.h; sourceTree = "<group>"; };
		B3805997172C17CC00DF85F2 /* lj_meta.c */ = {isa = PBXFileReference; fileEncoding = 4; lastKnownFileType = sourcecode.c.c; path = lj_meta.c; sourceTree = "<group>"; };
		B3805998172C17CC00DF85F2 /* lj_meta.h */ = {isa = PBXFileReference; fileEncoding = 4; lastKnownFileType = sourcecode.c.h; path = lj_meta.h; sourceTree = "<group>"; };
		B380599A172C17CC00DF85F2 /* lj_obj.c */ = {isa = PBXFileReference; fileEncoding = 4; lastKnownFileType = sourcecode.c.c; path = lj_obj.c; sourceTree = "<group>"; };
		B380599B172C17CC00DF85F2 /* lj_obj.h */ = {isa = PBXFileReference; fileEncoding = 4; lastKnownFileType = sourcecode.c.h; path = lj_obj.h; sourceTree = "<group>"; };
		B380599D172C17CC00DF85F2 /* lj_opt_dce.c */ = {isa = PBXFileReference; fileEncoding = 4; lastKnownFileType = sourcecode.c.c; path = lj_opt_dce.c; sourceTree = "<group>"; };
		B380599F172C17CC00DF85F2 /* lj_opt_fold.c */ = {isa = PBXFileReference; fileEncoding = 4; lastKnownFileType = sourcecode.c.c; path = lj_opt_fold.c; sourceTree = "<group>"; };
		B38059A1172C17CC00DF85F2 /* lj_opt_loop.c */ = {isa = PBXFileReference; fileEncoding = 4; lastKnownFileType = sourcecode.c.c; path = lj_opt_loop.c; sourceTree = "<group>"; };
		B38059A3172C17CC00DF85F2 /* lj_opt_mem.c */ = {isa = PBXFileReference; fileEncoding = 4; lastKnownFileType = sourcecode.c.c; path = lj_opt_mem.c; sourceTree = "<group>"; };
		B38059A5172C17CC00DF85F2 /* lj_opt_narrow.c */ = {isa = PBXFileReference; fileEncoding = 4; lastKnownFileType = sourcecode.c.c; path = lj_opt_narrow.c; sourceTree = "<group>"; };
		B38059A7172C17CC00DF85F2 /* lj_opt_sink.c */ = {isa = PBXFileReference; fileEncoding = 4; lastKnownFileType = sourcecode.c.c; path = lj_opt_sink.c; sourceTree = "<group>"; };
		B38059A9172C17CC00DF85F2 /* lj_opt_split.c */ = {isa = PBXFileReference; fileEncoding = 4; lastKnownFileType = sourcecode.c.c; path = lj_opt_split.c; sourceTree = "<group>"; };
		B38059AB172C17CC00DF85F2 /* lj_parse.c */ = {isa = PBXFileReference; fileEncoding = 4; lastKnownFileType = sourcecode.c.c; path = lj_parse.c; sourceTree = "<group>"; };
		B38059AC172C17CC00DF85F2 /* lj_parse.h */ = {isa = PBXFileReference; fileEncoding = 4; lastKnownFileType = sourcecode.c.h; path = lj_parse.h; sourceTree = "<group>"; };
		B38059AE172C17CC00DF85F2 /* lj_recdef.h */ = {isa = PBXFileReference; fileEncoding = 4; lastKnownFileType = sourcecode.c.h; path = lj_recdef.h; sourceTree = "<group>"; };
		B38059AF172C17CC00DF85F2 /* lj_record.c */ = {isa = PBXFileReference; fileEncoding = 4; lastKnownFileType = sourcecode.c.c; path = lj_record.c; sourceTree = "<group>"; };
		B38059B0172C17CC00DF85F2 /* lj_record.h */ = {isa = PBXFileReference; fileEncoding = 4; lastKnownFileType = sourcecode.c.h; path = lj_record.h; sourceTree = "<group>"; };
		B38059B2172C17CC00DF85F2 /* lj_snap.c */ = {isa = PBXFileReference; fileEncoding = 4; lastKnownFileType = sourcecode.c.c; path = lj_snap.c; sourceTree = "<group>"; };
		B38059B3172C17CC00DF85F2 /* lj_snap.h */ = {isa = PBXFileReference; fileEncoding = 4; lastKnownFileType = sourcecode.c.h; path = lj_snap.h; sourceTree = "<group>"; };
		B38059B5172C17CC00DF85F2 /* lj_state.c */ = {isa = PBXFileReference; fileEncoding = 4; lastKnownFileType = sourcecode.c.c; path = lj_state.c; sourceTree = "<group>"; };
		B38059B6172C17CC00DF85F2 /* lj_state.h */ = {isa = PBXFileReference; fileEncoding = 4; lastKnownFileType = sourcecode.c.h; path = lj_state.h; sourceTree = "<group>"; };
		B38059B8172C17CC00DF85F2 /* lj_str.c */ = {isa = PBXFileReference; fileEncoding = 4; lastKnownFileType = sourcecode.c.c; path = lj_str.c; sourceTree = "<group>"; };
		B38059B9172C17CC00DF85F2 /* lj_str.h */ = {isa = PBXFileReference; fileEncoding = 4; lastKnownFileType = sourcecode.c.h; path = lj_str.h; sourceTree = "<group>"; };
		B38059BB172C17CC00DF85F2 /* lj_strscan.c */ = {isa = PBXFileReference; fileEncoding = 4; lastKnownFileType = sourcecode.c.c; path = lj_strscan.c; sourceTree = "<group>"; };
		B38059BC172C17CC00DF85F2 /* lj_strscan.h */ = {isa = PBXFileReference; fileEncoding = 4; lastKnownFileType = sourcecode.c.h; path = lj_strscan.h; sourceTree = "<group>"; };
		B38059BE172C17CC00DF85F2 /* lj_tab.c */ = {isa = PBXFileReference; fileEncoding = 4; lastKnownFileType = sourcecode.c.c; path = lj_tab.c; sourceTree = "<group>"; };
		B38059BF172C17CC00DF85F2 /* lj_tab.h */ = {isa = PBXFileReference; fileEncoding = 4; lastKnownFileType = sourcecode.c.h; path = lj_tab.h; sourceTree = "<group>"; };
		B38059C1172C17CC00DF85F2 /* lj_target.h */ = {isa = PBXFileReference; fileEncoding = 4; lastKnownFileType = sourcecode.c.h; path = lj_target.h; sourceTree = "<group>"; };
		B38059C2172C17CC00DF85F2 /* lj_target_arm.h */ = {isa = PBXFileReference; fileEncoding = 4; lastKnownFileType = sourcecode.c.h; path = lj_target_arm.h; sourceTree = "<group>"; };
		B38059C3172C17CD00DF85F2 /* lj_target_mips.h */ = {isa = PBXFileReference; fileEncoding = 4; lastKnownFileType = sourcecode.c.h; path = lj_target_mips.h; sourceTree = "<group>"; };
		B38059C4172C17CD00DF85F2 /* lj_target_ppc.h */ = {isa = PBXFileReference; fileEncoding = 4; lastKnownFileType = sourcecode.c.h; path = lj_target_ppc.h; sourceTree = "<group>"; };
		B38059C5172C17CD00DF85F2 /* lj_target_x86.h */ = {isa = PBXFileReference; fileEncoding = 4; lastKnownFileType = sourcecode.c.h; path = lj_target_x86.h; sourceTree = "<group>"; };
		B38059C6172C17CD00DF85F2 /* lj_trace.c */ = {isa = PBXFileReference; fileEncoding = 4; lastKnownFileType = sourcecode.c.c; path = lj_trace.c; sourceTree = "<group>"; };
		B38059C7172C17CD00DF85F2 /* lj_trace.h */ = {isa = PBXFileReference; fileEncoding = 4; lastKnownFileType = sourcecode.c.h; path = lj_trace.h; sourceTree = "<group>"; };
		B38059C9172C17CD00DF85F2 /* lj_traceerr.h */ = {isa = PBXFileReference; fileEncoding = 4; lastKnownFileType = sourcecode.c.h; path = lj_traceerr.h; sourceTree = "<group>"; };
		B38059CA172C17CD00DF85F2 /* lj_udata.c */ = {isa = PBXFileReference; fileEncoding = 4; lastKnownFileType = sourcecode.c.c; path = lj_udata.c; sourceTree = "<group>"; };
		B38059CB172C17CD00DF85F2 /* lj_udata.h */ = {isa = PBXFileReference; fileEncoding = 4; lastKnownFileType = sourcecode.c.h; path = lj_udata.h; sourceTree = "<group>"; };
		B38059CD172C17CD00DF85F2 /* lj_vm.h */ = {isa = PBXFileReference; fileEncoding = 4; lastKnownFileType = sourcecode.c.h; path = lj_vm.h; sourceTree = "<group>"; };
		B38059CF172C17CD00DF85F2 /* lj_vm.s */ = {isa = PBXFileReference; fileEncoding = 4; lastKnownFileType = sourcecode.asm; path = lj_vm.s; sourceTree = "<group>"; };
		B38059D0172C17CD00DF85F2 /* lj_vmevent.c */ = {isa = PBXFileReference; fileEncoding = 4; lastKnownFileType = sourcecode.c.c; path = lj_vmevent.c; sourceTree = "<group>"; };
		B38059D1172C17CD00DF85F2 /* lj_vmevent.h */ = {isa = PBXFileReference; fileEncoding = 4; lastKnownFileType = sourcecode.c.h; path = lj_vmevent.h; sourceTree = "<group>"; };
		B38059D3172C17CD00DF85F2 /* lj_vmmath.c */ = {isa = PBXFileReference; fileEncoding = 4; lastKnownFileType = sourcecode.c.c; path = lj_vmmath.c; sourceTree = "<group>"; };
		B38059D5172C17CD00DF85F2 /* ljamalg.c */ = {isa = PBXFileReference; fileEncoding = 4; lastKnownFileType = sourcecode.c.c; path = ljamalg.c; sourceTree = "<group>"; };
		B38059D6172C17CD00DF85F2 /* lua.h */ = {isa = PBXFileReference; fileEncoding = 4; lastKnownFileType = sourcecode.c.h; path = lua.h; sourceTree = "<group>"; };
		B38059D7172C17CD00DF85F2 /* lua.hpp */ = {isa = PBXFileReference; fileEncoding = 4; lastKnownFileType = sourcecode.cpp.h; path = lua.hpp; sourceTree = "<group>"; };
		B38059D8172C17CD00DF85F2 /* luaconf.h */ = {isa = PBXFileReference; fileEncoding = 4; lastKnownFileType = sourcecode.c.h; path = luaconf.h; sourceTree = "<group>"; };
		B38059DA172C17CD00DF85F2 /* luajit.c */ = {isa = PBXFileReference; fileEncoding = 4; lastKnownFileType = sourcecode.c.c; path = luajit.c; sourceTree = "<group>"; };
		B38059DB172C17CD00DF85F2 /* luajit.h */ = {isa = PBXFileReference; fileEncoding = 4; lastKnownFileType = sourcecode.c.h; path = luajit.h; sourceTree = "<group>"; };
		B38059DD172C17CD00DF85F2 /* lualib.h */ = {isa = PBXFileReference; fileEncoding = 4; lastKnownFileType = sourcecode.c.h; path = lualib.h; sourceTree = "<group>"; };
		B38059DF172C17CD00DF85F2 /* vm_arm.dasc */ = {isa = PBXFileReference; fileEncoding = 4; lastKnownFileType = text; path = vm_arm.dasc; sourceTree = "<group>"; };
		B38059E0172C17CD00DF85F2 /* vm_mips.dasc */ = {isa = PBXFileReference; fileEncoding = 4; lastKnownFileType = text; path = vm_mips.dasc; sourceTree = "<group>"; };
		B38059E1172C17CD00DF85F2 /* vm_ppc.dasc */ = {isa = PBXFileReference; fileEncoding = 4; lastKnownFileType = text; path = vm_ppc.dasc; sourceTree = "<group>"; };
		B38059E2172C17CD00DF85F2 /* vm_ppcspe.dasc */ = {isa = PBXFileReference; fileEncoding = 4; lastKnownFileType = text; path = vm_ppcspe.dasc; sourceTree = "<group>"; };
		B38059E3172C17CD00DF85F2 /* vm_x86.dasc */ = {isa = PBXFileReference; fileEncoding = 4; lastKnownFileType = text; path = vm_x86.dasc; sourceTree = "<group>"; };
		B38059E4172C17CD00DF85F2 /* xedkbuild.bat */ = {isa = PBXFileReference; fileEncoding = 4; lastKnownFileType = text; path = xedkbuild.bat; sourceTree = "<group>"; };
/* End PBXFileReference section */

/* Begin PBXFrameworksBuildPhase section */
		302C2799142B0F8F0048A778 /* Frameworks */ = {
			isa = PBXFrameworksBuildPhase;
			buildActionMask = 2147483647;
			files = (
			);
			runOnlyForDeploymentPostprocessing = 0;
		};
/* End PBXFrameworksBuildPhase section */

/* Begin PBXGroup section */
		302C2783142B0F6A0048A778 = {
			isa = PBXGroup;
			children = (
				B38058EF172C17CB00DF85F2 /* src */,
				302C278F142B0F6A0048A778 /* Products */,
			);
			sourceTree = "<group>";
		};
		302C278F142B0F6A0048A778 /* Products */ = {
			isa = PBXGroup;
			children = (
				302C279C142B0F8F0048A778 /* libluajit.a */,
			);
			name = Products;
			sourceTree = "<group>";
		};
		B38058EF172C17CB00DF85F2 /* src */ = {
			isa = PBXGroup;
			children = (
				B38058F3172C17CB00DF85F2 /* host */,
				B3805914172C17CC00DF85F2 /* lauxlib.h */,
				B3805915172C17CC00DF85F2 /* lib_aux.c */,
				B3805917172C17CC00DF85F2 /* lib_base.c */,
				B3805919172C17CC00DF85F2 /* lib_bit.c */,
				B380591B172C17CC00DF85F2 /* lib_debug.c */,
				B380591D172C17CC00DF85F2 /* lib_ffi.c */,
				B380591F172C17CC00DF85F2 /* lib_init.c */,
				B3805921172C17CC00DF85F2 /* lib_io.c */,
				B3805923172C17CC00DF85F2 /* lib_jit.c */,
				B3805925172C17CC00DF85F2 /* lib_math.c */,
				B3805927172C17CC00DF85F2 /* lib_os.c */,
				B3805929172C17CC00DF85F2 /* lib_package.c */,
				B380592B172C17CC00DF85F2 /* lib_string.c */,
				B380592D172C17CC00DF85F2 /* lib_table.c */,
				B3805931172C17CC00DF85F2 /* lj.supp */,
				B3805932172C17CC00DF85F2 /* lj_alloc.c */,
				B3805933172C17CC00DF85F2 /* lj_alloc.h */,
				B3805935172C17CC00DF85F2 /* lj_api.c */,
				B3805937172C17CC00DF85F2 /* lj_arch.h */,
				B3805938172C17CC00DF85F2 /* lj_asm.c */,
				B3805939172C17CC00DF85F2 /* lj_asm.h */,
				B380593B172C17CC00DF85F2 /* lj_asm_arm.h */,
				B380593C172C17CC00DF85F2 /* lj_asm_mips.h */,
				B380593D172C17CC00DF85F2 /* lj_asm_ppc.h */,
				B380593E172C17CC00DF85F2 /* lj_asm_x86.h */,
				B380593F172C17CC00DF85F2 /* lj_bc.c */,
				B3805940172C17CC00DF85F2 /* lj_bc.h */,
				B3805942172C17CC00DF85F2 /* lj_bcdef.h */,
				B3805943172C17CC00DF85F2 /* lj_bcdump.h */,
				B3805944172C17CC00DF85F2 /* lj_bcread.c */,
				B3805946172C17CC00DF85F2 /* lj_bcwrite.c */,
				B3805948172C17CC00DF85F2 /* lj_carith.c */,
				B3805949172C17CC00DF85F2 /* lj_carith.h */,
				B380594B172C17CC00DF85F2 /* lj_ccall.c */,
				B380594C172C17CC00DF85F2 /* lj_ccall.h */,
				B380594E172C17CC00DF85F2 /* lj_ccallback.c */,
				B380594F172C17CC00DF85F2 /* lj_ccallback.h */,
				B3805951172C17CC00DF85F2 /* lj_cconv.c */,
				B3805952172C17CC00DF85F2 /* lj_cconv.h */,
				B3805954172C17CC00DF85F2 /* lj_cdata.c */,
				B3805955172C17CC00DF85F2 /* lj_cdata.h */,
				B3805957172C17CC00DF85F2 /* lj_char.c */,
				B3805958172C17CC00DF85F2 /* lj_char.h */,
				B380595A172C17CC00DF85F2 /* lj_clib.c */,
				B380595B172C17CC00DF85F2 /* lj_clib.h */,
				B380595D172C17CC00DF85F2 /* lj_cparse.c */,
				B380595E172C17CC00DF85F2 /* lj_cparse.h */,
				B3805960172C17CC00DF85F2 /* lj_crecord.c */,
				B3805961172C17CC00DF85F2 /* lj_crecord.h */,
				B3805963172C17CC00DF85F2 /* lj_ctype.c */,
				B3805964172C17CC00DF85F2 /* lj_ctype.h */,
				B3805966172C17CC00DF85F2 /* lj_debug.c */,
				B3805967172C17CC00DF85F2 /* lj_debug.h */,
				B3805969172C17CC00DF85F2 /* lj_def.h */,
				B380596A172C17CC00DF85F2 /* lj_dispatch.c */,
				B380596B172C17CC00DF85F2 /* lj_dispatch.h */,
				B380596D172C17CC00DF85F2 /* lj_emit_arm.h */,
				B380596E172C17CC00DF85F2 /* lj_emit_mips.h */,
				B380596F172C17CC00DF85F2 /* lj_emit_ppc.h */,
				B3805970172C17CC00DF85F2 /* lj_emit_x86.h */,
				B3805971172C17CC00DF85F2 /* lj_err.c */,
				B3805972172C17CC00DF85F2 /* lj_err.h */,
				B3805974172C17CC00DF85F2 /* lj_errmsg.h */,
				B3805975172C17CC00DF85F2 /* lj_ff.h */,
				B3805976172C17CC00DF85F2 /* lj_ffdef.h */,
				B3805977172C17CC00DF85F2 /* lj_ffrecord.c */,
				B3805978172C17CC00DF85F2 /* lj_ffrecord.h */,
				B380597A172C17CC00DF85F2 /* lj_folddef.h */,
				B380597B172C17CC00DF85F2 /* lj_frame.h */,
				B380597C172C17CC00DF85F2 /* lj_func.c */,
				B380597D172C17CC00DF85F2 /* lj_func.h */,
				B380597F172C17CC00DF85F2 /* lj_gc.c */,
				B3805980172C17CC00DF85F2 /* lj_gc.h */,
				B3805982172C17CC00DF85F2 /* lj_gdbjit.c */,
				B3805983172C17CC00DF85F2 /* lj_gdbjit.h */,
				B3805985172C17CC00DF85F2 /* lj_ir.c */,
				B3805986172C17CC00DF85F2 /* lj_ir.h */,
				B3805988172C17CC00DF85F2 /* lj_ircall.h */,
				B3805989172C17CC00DF85F2 /* lj_iropt.h */,
				B380598A172C17CC00DF85F2 /* lj_jit.h */,
				B380598B172C17CC00DF85F2 /* lj_lex.c */,
				B380598C172C17CC00DF85F2 /* lj_lex.h */,
				B380598E172C17CC00DF85F2 /* lj_lib.c */,
				B380598F172C17CC00DF85F2 /* lj_lib.h */,
				B3805991172C17CC00DF85F2 /* lj_libdef.h */,
				B3805992172C17CC00DF85F2 /* lj_load.c */,
				B3805994172C17CC00DF85F2 /* lj_mcode.c */,
				B3805995172C17CC00DF85F2 /* lj_mcode.h */,
				B3805997172C17CC00DF85F2 /* lj_meta.c */,
				B3805998172C17CC00DF85F2 /* lj_meta.h */,
				B380599A172C17CC00DF85F2 /* lj_obj.c */,
				B380599B172C17CC00DF85F2 /* lj_obj.h */,
				B380599D172C17CC00DF85F2 /* lj_opt_dce.c */,
				B380599F172C17CC00DF85F2 /* lj_opt_fold.c */,
				B38059A1172C17CC00DF85F2 /* lj_opt_loop.c */,
				B38059A3172C17CC00DF85F2 /* lj_opt_mem.c */,
				B38059A5172C17CC00DF85F2 /* lj_opt_narrow.c */,
				B38059A7172C17CC00DF85F2 /* lj_opt_sink.c */,
				B38059A9172C17CC00DF85F2 /* lj_opt_split.c */,
				B38059AB172C17CC00DF85F2 /* lj_parse.c */,
				B38059AC172C17CC00DF85F2 /* lj_parse.h */,
				B38059AE172C17CC00DF85F2 /* lj_recdef.h */,
				B38059AF172C17CC00DF85F2 /* lj_record.c */,
				B38059B0172C17CC00DF85F2 /* lj_record.h */,
				B38059B2172C17CC00DF85F2 /* lj_snap.c */,
				B38059B3172C17CC00DF85F2 /* lj_snap.h */,
				B38059B5172C17CC00DF85F2 /* lj_state.c */,
				B38059B6172C17CC00DF85F2 /* lj_state.h */,
				B38059B8172C17CC00DF85F2 /* lj_str.c */,
				B38059B9172C17CC00DF85F2 /* lj_str.h */,
				B38059BB172C17CC00DF85F2 /* lj_strscan.c */,
				B38059BC172C17CC00DF85F2 /* lj_strscan.h */,
				B38059BE172C17CC00DF85F2 /* lj_tab.c */,
				B38059BF172C17CC00DF85F2 /* lj_tab.h */,
				B38059C1172C17CC00DF85F2 /* lj_target.h */,
				B38059C2172C17CC00DF85F2 /* lj_target_arm.h */,
				B38059C3172C17CD00DF85F2 /* lj_target_mips.h */,
				B38059C4172C17CD00DF85F2 /* lj_target_ppc.h */,
				B38059C5172C17CD00DF85F2 /* lj_target_x86.h */,
				B38059C6172C17CD00DF85F2 /* lj_trace.c */,
				B38059C7172C17CD00DF85F2 /* lj_trace.h */,
				B38059C9172C17CD00DF85F2 /* lj_traceerr.h */,
				B38059CA172C17CD00DF85F2 /* lj_udata.c */,
				B38059CB172C17CD00DF85F2 /* lj_udata.h */,
				B38059CD172C17CD00DF85F2 /* lj_vm.h */,
				B38059CF172C17CD00DF85F2 /* lj_vm.s */,
				B38059D0172C17CD00DF85F2 /* lj_vmevent.c */,
				B38059D1172C17CD00DF85F2 /* lj_vmevent.h */,
				B38059D3172C17CD00DF85F2 /* lj_vmmath.c */,
				B38059D5172C17CD00DF85F2 /* ljamalg.c */,
				B38059D6172C17CD00DF85F2 /* lua.h */,
				B38059D7172C17CD00DF85F2 /* lua.hpp */,
				B38059D8172C17CD00DF85F2 /* luaconf.h */,
				B38059DA172C17CD00DF85F2 /* luajit.c */,
				B38059DB172C17CD00DF85F2 /* luajit.h */,
				B38059DD172C17CD00DF85F2 /* lualib.h */,
				B38059DF172C17CD00DF85F2 /* vm_arm.dasc */,
				B38059E0172C17CD00DF85F2 /* vm_mips.dasc */,
				B38059E1172C17CD00DF85F2 /* vm_ppc.dasc */,
				B38059E2172C17CD00DF85F2 /* vm_ppcspe.dasc */,
				B38059E3172C17CD00DF85F2 /* vm_x86.dasc */,
				B38059E4172C17CD00DF85F2 /* xedkbuild.bat */,
			);
			name = src;
			path = luajit/src;
			sourceTree = "<group>";
		};
		B38058F3172C17CB00DF85F2 /* host */ = {
			isa = PBXGroup;
			children = (
				B38058F7172C17CC00DF85F2 /* buildvm.c */,
				B38058F8172C17CC00DF85F2 /* buildvm.h */,
				B38058FA172C17CC00DF85F2 /* buildvm_arch.h */,
				B38058FB172C17CC00DF85F2 /* buildvm_asm.c */,
				B38058FD172C17CC00DF85F2 /* buildvm_fold.c */,
				B38058FF172C17CC00DF85F2 /* buildvm_lib.c */,
				B3805901172C17CC00DF85F2 /* buildvm_peobj.c */,
				B3805905172C17CC00DF85F2 /* minilua.c */,
			);
			path = host;
			sourceTree = "<group>";
		};
/* End PBXGroup section */

/* Begin PBXHeadersBuildPhase section */
		302C279A142B0F8F0048A778 /* Headers */ = {
			isa = PBXHeadersBuildPhase;
			buildActionMask = 2147483647;
			files = (
				B38059E7172C17CD00DF85F2 /* buildvm.h in Headers */,
				B38059E9172C17CD00DF85F2 /* buildvm_arch.h in Headers */,
				B38059F4172C17CD00DF85F2 /* lauxlib.h in Headers */,
				B3805A12172C17CD00DF85F2 /* lj_alloc.h in Headers */,
				B3805A16172C17CD00DF85F2 /* lj_arch.h in Headers */,
				B3805A18172C17CD00DF85F2 /* lj_asm.h in Headers */,
				B3805A1A172C17CD00DF85F2 /* lj_asm_arm.h in Headers */,
				B3805A1B172C17CD00DF85F2 /* lj_asm_mips.h in Headers */,
				B3805A1C172C17CD00DF85F2 /* lj_asm_ppc.h in Headers */,
				B3805A1D172C17CD00DF85F2 /* lj_asm_x86.h in Headers */,
				B3805A1F172C17CD00DF85F2 /* lj_bc.h in Headers */,
				B3805A21172C17CD00DF85F2 /* lj_bcdef.h in Headers */,
				B3805A22172C17CD00DF85F2 /* lj_bcdump.h in Headers */,
				B3805A28172C17CD00DF85F2 /* lj_carith.h in Headers */,
				B3805A2B172C17CD00DF85F2 /* lj_ccall.h in Headers */,
				B3805A2E172C17CD00DF85F2 /* lj_ccallback.h in Headers */,
				B3805A31172C17CD00DF85F2 /* lj_cconv.h in Headers */,
				B3805A34172C17CD00DF85F2 /* lj_cdata.h in Headers */,
				B3805A37172C17CD00DF85F2 /* lj_char.h in Headers */,
				B3805A3A172C17CD00DF85F2 /* lj_clib.h in Headers */,
				B3805A3D172C17CD00DF85F2 /* lj_cparse.h in Headers */,
				B3805A40172C17CD00DF85F2 /* lj_crecord.h in Headers */,
				B3805A43172C17CD00DF85F2 /* lj_ctype.h in Headers */,
				B3805A46172C17CD00DF85F2 /* lj_debug.h in Headers */,
				B3805A48172C17CD00DF85F2 /* lj_def.h in Headers */,
				B3805A4A172C17CD00DF85F2 /* lj_dispatch.h in Headers */,
				B3805A4C172C17CD00DF85F2 /* lj_emit_arm.h in Headers */,
				B3805A4D172C17CD00DF85F2 /* lj_emit_mips.h in Headers */,
				B3805A4E172C17CD00DF85F2 /* lj_emit_ppc.h in Headers */,
				B3805A4F172C17CD00DF85F2 /* lj_emit_x86.h in Headers */,
				B3805A51172C17CD00DF85F2 /* lj_err.h in Headers */,
				B3805A53172C17CD00DF85F2 /* lj_errmsg.h in Headers */,
				B3805A54172C17CD00DF85F2 /* lj_ff.h in Headers */,
				B3805A55172C17CD00DF85F2 /* lj_ffdef.h in Headers */,
				B3805A57172C17CD00DF85F2 /* lj_ffrecord.h in Headers */,
				B3805A59172C17CD00DF85F2 /* lj_folddef.h in Headers */,
				B3805A5A172C17CD00DF85F2 /* lj_frame.h in Headers */,
				B3805A5C172C17CD00DF85F2 /* lj_func.h in Headers */,
				B3805A5F172C17CD00DF85F2 /* lj_gc.h in Headers */,
				B3805A62172C17CD00DF85F2 /* lj_gdbjit.h in Headers */,
				B3805A65172C17CD00DF85F2 /* lj_ir.h in Headers */,
				B3805A67172C17CD00DF85F2 /* lj_ircall.h in Headers */,
				B3805A68172C17CD00DF85F2 /* lj_iropt.h in Headers */,
				B3805A69172C17CD00DF85F2 /* lj_jit.h in Headers */,
				B3805A6B172C17CD00DF85F2 /* lj_lex.h in Headers */,
				B3805A6E172C17CD00DF85F2 /* lj_lib.h in Headers */,
				B3805A70172C17CD00DF85F2 /* lj_libdef.h in Headers */,
				B3805A74172C17CD00DF85F2 /* lj_mcode.h in Headers */,
				B3805A77172C17CD00DF85F2 /* lj_meta.h in Headers */,
				B3805A7A172C17CD00DF85F2 /* lj_obj.h in Headers */,
				B3805A8B172C17CD00DF85F2 /* lj_parse.h in Headers */,
				B3805A8D172C17CD00DF85F2 /* lj_recdef.h in Headers */,
				B3805A8F172C17CD00DF85F2 /* lj_record.h in Headers */,
				B3805A92172C17CD00DF85F2 /* lj_snap.h in Headers */,
				B3805A95172C17CD00DF85F2 /* lj_state.h in Headers */,
				B3805A98172C17CD00DF85F2 /* lj_str.h in Headers */,
				B3805A9B172C17CD00DF85F2 /* lj_strscan.h in Headers */,
				B3805A9E172C17CD00DF85F2 /* lj_tab.h in Headers */,
				B3805AA0172C17CD00DF85F2 /* lj_target.h in Headers */,
				B3805AA1172C17CD00DF85F2 /* lj_target_arm.h in Headers */,
				B3805AA2172C17CD00DF85F2 /* lj_target_mips.h in Headers */,
				B3805AA3172C17CD00DF85F2 /* lj_target_ppc.h in Headers */,
				B3805AA4172C17CD00DF85F2 /* lj_target_x86.h in Headers */,
				B3805AA6172C17CD00DF85F2 /* lj_trace.h in Headers */,
				B3805AA8172C17CD00DF85F2 /* lj_traceerr.h in Headers */,
				B3805AAA172C17CD00DF85F2 /* lj_udata.h in Headers */,
				B3805AAC172C17CD00DF85F2 /* lj_vm.h in Headers */,
				B3805AB0172C17CD00DF85F2 /* lj_vmevent.h in Headers */,
				B3805AB5172C17CD00DF85F2 /* lua.h in Headers */,
				B3805AB6172C17CD00DF85F2 /* lua.hpp in Headers */,
				B3805AB7172C17CD00DF85F2 /* luaconf.h in Headers */,
				B3805AB9172C17CD00DF85F2 /* luajit.h in Headers */,
				B3805ABB172C17CD00DF85F2 /* lualib.h in Headers */,
			);
			runOnlyForDeploymentPostprocessing = 0;
		};
/* End PBXHeadersBuildPhase section */

/* Begin PBXNativeTarget section */
		302C279B142B0F8F0048A778 /* luajit */ = {
			isa = PBXNativeTarget;
			buildConfigurationList = 302C279F142B0F8F0048A778 /* Build configuration list for PBXNativeTarget "luajit" */;
			buildPhases = (
				302C2798142B0F8F0048A778 /* Sources */,
				302C2799142B0F8F0048A778 /* Frameworks */,
				302C279A142B0F8F0048A778 /* Headers */,
			);
			buildRules = (
			);
			dependencies = (
			);
			name = luajit;
			productName = lua;
			productReference = 302C279C142B0F8F0048A778 /* libluajit.a */;
			productType = "com.apple.product-type.library.static";
		};
/* End PBXNativeTarget section */

/* Begin PBXProject section */
		302C2785142B0F6A0048A778 /* Project object */ = {
			isa = PBXProject;
			attributes = {
				LastUpgradeCheck = 0420;
			};
			buildConfigurationList = 302C2788142B0F6A0048A778 /* Build configuration list for PBXProject "luajit" */;
			compatibilityVersion = "Xcode 3.2";
			developmentRegion = English;
			hasScannedForEncodings = 0;
			knownRegions = (
				en,
			);
			mainGroup = 302C2783142B0F6A0048A778;
			productRefGroup = 302C278F142B0F6A0048A778 /* Products */;
			projectDirPath = "";
			projectRoot = "";
			targets = (
				302C279B142B0F8F0048A778 /* luajit */,
			);
		};
/* End PBXProject section */

/* Begin PBXSourcesBuildPhase section */
		302C2798142B0F8F0048A778 /* Sources */ = {
			isa = PBXSourcesBuildPhase;
			buildActionMask = 2147483647;
			files = (
				B38059E6172C17CD00DF85F2 /* buildvm.c in Sources */,
				B38059EA172C17CD00DF85F2 /* buildvm_asm.c in Sources */,
				B38059EC172C17CD00DF85F2 /* buildvm_fold.c in Sources */,
				B38059EE172C17CD00DF85F2 /* buildvm_lib.c in Sources */,
				B38059F0172C17CD00DF85F2 /* buildvm_peobj.c in Sources */,
				B38059F2172C17CD00DF85F2 /* minilua.c in Sources */,
				B38059F5172C17CD00DF85F2 /* lib_aux.c in Sources */,
				B38059F7172C17CD00DF85F2 /* lib_base.c in Sources */,
				B38059F9172C17CD00DF85F2 /* lib_bit.c in Sources */,
				B38059FB172C17CD00DF85F2 /* lib_debug.c in Sources */,
				B38059FD172C17CD00DF85F2 /* lib_ffi.c in Sources */,
				B38059FF172C17CD00DF85F2 /* lib_init.c in Sources */,
				B3805A01172C17CD00DF85F2 /* lib_io.c in Sources */,
				B3805A03172C17CD00DF85F2 /* lib_jit.c in Sources */,
				B3805A05172C17CD00DF85F2 /* lib_math.c in Sources */,
				B3805A07172C17CD00DF85F2 /* lib_os.c in Sources */,
				B3805A09172C17CD00DF85F2 /* lib_package.c in Sources */,
				B3805A0B172C17CD00DF85F2 /* lib_string.c in Sources */,
				B3805A0D172C17CD00DF85F2 /* lib_table.c in Sources */,
				B3805A11172C17CD00DF85F2 /* lj_alloc.c in Sources */,
				B3805A14172C17CD00DF85F2 /* lj_api.c in Sources */,
				B3805A17172C17CD00DF85F2 /* lj_asm.c in Sources */,
				B3805A1E172C17CD00DF85F2 /* lj_bc.c in Sources */,
				B3805A23172C17CD00DF85F2 /* lj_bcread.c in Sources */,
				B3805A25172C17CD00DF85F2 /* lj_bcwrite.c in Sources */,
				B3805A27172C17CD00DF85F2 /* lj_carith.c in Sources */,
				B3805A2A172C17CD00DF85F2 /* lj_ccall.c in Sources */,
				B3805A2D172C17CD00DF85F2 /* lj_ccallback.c in Sources */,
				B3805A30172C17CD00DF85F2 /* lj_cconv.c in Sources */,
				B3805A33172C17CD00DF85F2 /* lj_cdata.c in Sources */,
				B3805A36172C17CD00DF85F2 /* lj_char.c in Sources */,
				B3805A39172C17CD00DF85F2 /* lj_clib.c in Sources */,
				B3805A3C172C17CD00DF85F2 /* lj_cparse.c in Sources */,
				B3805A3F172C17CD00DF85F2 /* lj_crecord.c in Sources */,
				B3805A42172C17CD00DF85F2 /* lj_ctype.c in Sources */,
				B3805A45172C17CD00DF85F2 /* lj_debug.c in Sources */,
				B3805A49172C17CD00DF85F2 /* lj_dispatch.c in Sources */,
				B3805A50172C17CD00DF85F2 /* lj_err.c in Sources */,
				B3805A56172C17CD00DF85F2 /* lj_ffrecord.c in Sources */,
				B3805A5B172C17CD00DF85F2 /* lj_func.c in Sources */,
				B3805A5E172C17CD00DF85F2 /* lj_gc.c in Sources */,
				B3805A61172C17CD00DF85F2 /* lj_gdbjit.c in Sources */,
				B3805A64172C17CD00DF85F2 /* lj_ir.c in Sources */,
				B3805A6A172C17CD00DF85F2 /* lj_lex.c in Sources */,
				B3805A6D172C17CD00DF85F2 /* lj_lib.c in Sources */,
				B3805A71172C17CD00DF85F2 /* lj_load.c in Sources */,
				B3805A73172C17CD00DF85F2 /* lj_mcode.c in Sources */,
				B3805A76172C17CD00DF85F2 /* lj_meta.c in Sources */,
				B3805A79172C17CD00DF85F2 /* lj_obj.c in Sources */,
				B3805A7C172C17CD00DF85F2 /* lj_opt_dce.c in Sources */,
				B3805A7E172C17CD00DF85F2 /* lj_opt_fold.c in Sources */,
				B3805A80172C17CD00DF85F2 /* lj_opt_loop.c in Sources */,
				B3805A82172C17CD00DF85F2 /* lj_opt_mem.c in Sources */,
				B3805A84172C17CD00DF85F2 /* lj_opt_narrow.c in Sources */,
				B3805A86172C17CD00DF85F2 /* lj_opt_sink.c in Sources */,
				B3805A88172C17CD00DF85F2 /* lj_opt_split.c in Sources */,
				B3805A8A172C17CD00DF85F2 /* lj_parse.c in Sources */,
				B3805A8E172C17CD00DF85F2 /* lj_record.c in Sources */,
				B3805A91172C17CD00DF85F2 /* lj_snap.c in Sources */,
				B3805A94172C17CD00DF85F2 /* lj_state.c in Sources */,
				B3805A97172C17CD00DF85F2 /* lj_str.c in Sources */,
				B3805A9A172C17CD00DF85F2 /* lj_strscan.c in Sources */,
				B3805A9D172C17CD00DF85F2 /* lj_tab.c in Sources */,
				B3805AA5172C17CD00DF85F2 /* lj_trace.c in Sources */,
				B3805AA9172C17CD00DF85F2 /* lj_udata.c in Sources */,
				B3805AAE172C17CD00DF85F2 /* lj_vm.s in Sources */,
				B3805AAF172C17CD00DF85F2 /* lj_vmevent.c in Sources */,
				B3805AB2172C17CD00DF85F2 /* lj_vmmath.c in Sources */,
				B3805AB4172C17CD00DF85F2 /* ljamalg.c in Sources */,
				B3805AB8172C17CD00DF85F2 /* luajit.c in Sources */,
			);
			runOnlyForDeploymentPostprocessing = 0;
		};
/* End PBXSourcesBuildPhase section */

/* Begin XCBuildConfiguration section */
		302C2790142B0F6A0048A778 /* Debug */ = {
			isa = XCBuildConfiguration;
			buildSettings = {
				ALWAYS_SEARCH_USER_PATHS = NO;
				ARCHS = "$(ARCHS_STANDARD_32_64_BIT)";
				CONFIGURATION_BUILD_DIR = "$(SRCROOT)/lib/osx";
				COPY_PHASE_STRIP = NO;
				GCC_C_LANGUAGE_STANDARD = "compiler-default";
				GCC_DYNAMIC_NO_PIC = NO;
				GCC_ENABLE_OBJC_EXCEPTIONS = YES;
				GCC_OPTIMIZATION_LEVEL = 0;
				GCC_PREPROCESSOR_DEFINITIONS = (
					"DEBUG=1",
					"$(inherited)",
				);
				GCC_SYMBOLS_PRIVATE_EXTERN = NO;
				GCC_VERSION = "";
				GCC_WARN_64_TO_32_BIT_CONVERSION = YES;
				GCC_WARN_ABOUT_MISSING_PROTOTYPES = YES;
				GCC_WARN_ABOUT_RETURN_TYPE = YES;
				GCC_WARN_UNUSED_VARIABLE = YES;
				MACOSX_DEPLOYMENT_TARGET = 10.7;
				ONLY_ACTIVE_ARCH = YES;
				OTHER_CPLUSPLUSFLAGS = (
					"-D__MACOSX_CORE__",
					"-lpthread",
				);
				SDKROOT = macosx;
			};
			name = Debug;
		};
		302C2791142B0F6A0048A778 /* Release */ = {
			isa = XCBuildConfiguration;
			buildSettings = {
				ALWAYS_SEARCH_USER_PATHS = NO;
				ARCHS = "$(ARCHS_STANDARD_32_64_BIT)";
				CONFIGURATION_BUILD_DIR = "$(SRCROOT)/lib/osx";
				COPY_PHASE_STRIP = YES;
				DEBUG_INFORMATION_FORMAT = "dwarf-with-dsym";
				GCC_C_LANGUAGE_STANDARD = "compiler-default";
				GCC_ENABLE_OBJC_EXCEPTIONS = YES;
				GCC_VERSION = "";
				GCC_WARN_64_TO_32_BIT_CONVERSION = YES;
				GCC_WARN_ABOUT_MISSING_PROTOTYPES = YES;
				GCC_WARN_ABOUT_RETURN_TYPE = YES;
				GCC_WARN_UNUSED_VARIABLE = YES;
				MACOSX_DEPLOYMENT_TARGET = 10.7;
				OTHER_CPLUSPLUSFLAGS = (
					"-D__MACOSX_CORE__",
					"-lpthread",
				);
				SDKROOT = macosx;
			};
			name = Release;
		};
		302C279D142B0F8F0048A778 /* Debug */ = {
			isa = XCBuildConfiguration;
			buildSettings = {
				ARCHS = "$(ARCHS_STANDARD_32_BIT)";
				CONFIGURATION_BUILD_DIR = "$(SRCROOT)/luajit/lib/osx";
				EXECUTABLE_PREFIX = lib;
				GCC_C_LANGUAGE_STANDARD = "compiler-default";
				GCC_PREPROCESSOR_DEFINITIONS_NOT_USED_IN_PRECOMPS = (
					LUA_USE_LINUX,
					"__ASSERT_MACROS_DEFINE_VERSIONS_WITHOUT_UNDERSCORES=0",
				);
				GCC_VERSION = "";
				HEADER_SEARCH_PATHS = "$(SRCROOT)/**";
				LIBRARY_SEARCH_PATHS = (
					"$(inherited)",
					"\"$(SRCROOT)/src\"",
					"\"$(SRCROOT)/luajit/src\"",
				);
				OTHER_CPLUSPLUSFLAGS = (
					"-D__MACOSX_CORE__",
					"-lpthread",
				);
				PRODUCT_NAME = luajit;
			};
			name = Debug;
		};
		302C279E142B0F8F0048A778 /* Release */ = {
			isa = XCBuildConfiguration;
			buildSettings = {
				ARCHS = "$(ARCHS_STANDARD_32_BIT)";
				CONFIGURATION_BUILD_DIR = "$(SRCROOT)/luajit/lib/osx";
				EXECUTABLE_PREFIX = lib;
				GCC_C_LANGUAGE_STANDARD = "compiler-default";
				GCC_PREPROCESSOR_DEFINITIONS_NOT_USED_IN_PRECOMPS = (
					LUA_USE_LINUX,
					"__ASSERT_MACROS_DEFINE_VERSIONS_WITHOUT_UNDERSCORES=0",
				);
				GCC_VERSION = "";
				HEADER_SEARCH_PATHS = "$(SRCROOT)/**";
				LIBRARY_SEARCH_PATHS = (
					"$(inherited)",
					"\"$(SRCROOT)/src\"",
					"\"$(SRCROOT)/luajit/src\"",
				);
				OTHER_CPLUSPLUSFLAGS = (
					"-D__MACOSX_CORE__",
					"-lpthread",
				);
				PRODUCT_NAME = luajit;
			};
			name = Release;
		};
/* End XCBuildConfiguration section */

/* Begin XCConfigurationList section */
		302C2788142B0F6A0048A778 /* Build configuration list for PBXProject "luajit" */ = {
			isa = XCConfigurationList;
			buildConfigurations = (
				302C2790142B0F6A0048A778 /* Debug */,
				302C2791142B0F6A0048A778 /* Release */,
			);
			defaultConfigurationIsVisible = 0;
			defaultConfigurationName = Release;
		};
		302C279F142B0F8F0048A778 /* Build configuration list for PBXNativeTarget "luajit" */ = {
			isa = XCConfigurationList;
			buildConfigurations = (
				302C279D142B0F8F0048A778 /* Debug */,
				302C279E142B0F8F0048A778 /* Release */,
			);
			defaultConfigurationIsVisible = 0;
			defaultConfigurationName = Release;
		};
/* End XCConfigurationList section */
	};
	rootObject = 302C2785142B0F6A0048A778 /* Project object */;
}
